// !$*UTF8*$!
{
	archiveVersion = 1;
	classes = {
	};
	objectVersion = 56;
	objects = {

/* Begin PBXBuildFile section */
		28103FD42C32DDB5006EF0F1 /* Logging in Frameworks */ = {isa = PBXBuildFile; productRef = 28103FD32C32DDB5006EF0F1 /* Logging */; };
		2817FB3B2C45263B0028A0E7 /* DateFormatterISO.swift in Sources */ = {isa = PBXBuildFile; fileRef = 2817FB3A2C45263B0028A0E7 /* DateFormatterISO.swift */; };
		281E21922C21951B000C0CCD /* AuthPresenter.swift in Sources */ = {isa = PBXBuildFile; fileRef = 281E21912C21951B000C0CCD /* AuthPresenter.swift */; };
		281E21972C21A007000C0CCD /* OAuth2Service.swift in Sources */ = {isa = PBXBuildFile; fileRef = 281E21962C21A007000C0CCD /* OAuth2Service.swift */; };
		281E21992C21A0B7000C0CCD /* URLSession+data.swift in Sources */ = {isa = PBXBuildFile; fileRef = 281E21982C21A0B7000C0CCD /* URLSession+data.swift */; };
		281E219C2C21A315000C0CCD /* OAuthTokenResponseBody.swift in Sources */ = {isa = PBXBuildFile; fileRef = 281E219B2C21A315000C0CCD /* OAuthTokenResponseBody.swift */; };
		281E219F2C21A42F000C0CCD /* SplashVC.swift in Sources */ = {isa = PBXBuildFile; fileRef = 281E219E2C21A42F000C0CCD /* SplashVC.swift */; };
		281E21A22C21A623000C0CCD /* OAuth2TokenStorage.swift in Sources */ = {isa = PBXBuildFile; fileRef = 281E21A12C21A623000C0CCD /* OAuth2TokenStorage.swift */; };
		281E21A42C21A77A000C0CCD /* SplashPresenter.swift in Sources */ = {isa = PBXBuildFile; fileRef = 281E21A32C21A77A000C0CCD /* SplashPresenter.swift */; };
		281FC9A92C48373000CA7555 /* AuthConfiguration.swift in Sources */ = {isa = PBXBuildFile; fileRef = 281FC9A82C48373000CA7555 /* AuthConfiguration.swift */; };
		281FC9B32C4839A000CA7555 /* ImageFeedMyTests.swift in Sources */ = {isa = PBXBuildFile; fileRef = 281FC9B22C4839A000CA7555 /* ImageFeedMyTests.swift */; };
		28304D412C188CCB00CAE7E9 /* ProfileVC.swift in Sources */ = {isa = PBXBuildFile; fileRef = 28304D402C188CCB00CAE7E9 /* ProfileVC.swift */; };
		28304D432C1B4C9700CAE7E9 /* RootTabBarVC.swift in Sources */ = {isa = PBXBuildFile; fileRef = 28304D422C1B4C9700CAE7E9 /* RootTabBarVC.swift */; };
		2834063E2C484E7900D39774 /* ImageListTests.swift in Sources */ = {isa = PBXBuildFile; fileRef = 2834063D2C484E7900D39774 /* ImageListTests.swift */; };
		283925E72C459A0F0078707F /* CAGradientLayer+Extensions.swift in Sources */ = {isa = PBXBuildFile; fileRef = 283925E62C459A0F0078707F /* CAGradientLayer+Extensions.swift */; };
		283925EA2C45A1FA0078707F /* GradientCell.swift in Sources */ = {isa = PBXBuildFile; fileRef = 283925E92C45A1FA0078707F /* GradientCell.swift */; };
		28398F272C31E99600EF03C5 /* SwiftKeychainWrapper in Frameworks */ = {isa = PBXBuildFile; productRef = 28398F262C31E99600EF03C5 /* SwiftKeychainWrapper */; };
		28398F2A2C31E99D00EF03C5 /* Kingfisher in Frameworks */ = {isa = PBXBuildFile; productRef = 28398F292C31E99D00EF03C5 /* Kingfisher */; };
		28398F2D2C31E9A400EF03C5 /* ProgressHUD in Frameworks */ = {isa = PBXBuildFile; productRef = 28398F2C2C31E9A400EF03C5 /* ProgressHUD */; };
		28398F2F2C31EA3100EF03C5 /* NetworkApi.swift in Sources */ = {isa = PBXBuildFile; fileRef = 28398F2E2C31EA3100EF03C5 /* NetworkApi.swift */; };
		28398F322C31EAA700EF03C5 /* BaseRequestProtocol.swift in Sources */ = {isa = PBXBuildFile; fileRef = 28398F312C31EAA700EF03C5 /* BaseRequestProtocol.swift */; };
		28398F342C31EAC600EF03C5 /* BaseRequestImpl.swift in Sources */ = {isa = PBXBuildFile; fileRef = 28398F332C31EAC600EF03C5 /* BaseRequestImpl.swift */; };
		28398F372C31EEED00EF03C5 /* OAuth2Request.swift in Sources */ = {isa = PBXBuildFile; fileRef = 28398F362C31EEED00EF03C5 /* OAuth2Request.swift */; };
		28398F392C31F37A00EF03C5 /* WebViewRequest.swift in Sources */ = {isa = PBXBuildFile; fileRef = 28398F382C31F37A00EF03C5 /* WebViewRequest.swift */; };
		28398F3C2C320FDF00EF03C5 /* UIBlockingProgressHUD.swift in Sources */ = {isa = PBXBuildFile; fileRef = 28398F3B2C320FDF00EF03C5 /* UIBlockingProgressHUD.swift */; };
		28398F402C32122700EF03C5 /* ProfileResult.swift in Sources */ = {isa = PBXBuildFile; fileRef = 28398F3F2C32122700EF03C5 /* ProfileResult.swift */; };
		28398F442C32125A00EF03C5 /* Profile.swift in Sources */ = {isa = PBXBuildFile; fileRef = 28398F432C32125A00EF03C5 /* Profile.swift */; };
		28398F472C32127200EF03C5 /* UserResult.swift in Sources */ = {isa = PBXBuildFile; fileRef = 28398F462C32127200EF03C5 /* UserResult.swift */; };
		28398F4C2C3212D600EF03C5 /* ProfileService.swift in Sources */ = {isa = PBXBuildFile; fileRef = 28398F4B2C3212D600EF03C5 /* ProfileService.swift */; };
		28398F4E2C3212EF00EF03C5 /* ProfileRequest.swift in Sources */ = {isa = PBXBuildFile; fileRef = 28398F4D2C3212EF00EF03C5 /* ProfileRequest.swift */; };
		28398F502C32154B00EF03C5 /* ProfileConverter.swift in Sources */ = {isa = PBXBuildFile; fileRef = 28398F4F2C32154B00EF03C5 /* ProfileConverter.swift */; };
		28398F532C321ADA00EF03C5 /* ProfileImageRequest.swift in Sources */ = {isa = PBXBuildFile; fileRef = 28398F522C321ADA00EF03C5 /* ProfileImageRequest.swift */; };
		28398F562C321B4C00EF03C5 /* ProfileImageService.swift in Sources */ = {isa = PBXBuildFile; fileRef = 28398F552C321B4C00EF03C5 /* ProfileImageService.swift */; };
		28398F5A2C32250900EF03C5 /* Log.swift in Sources */ = {isa = PBXBuildFile; fileRef = 28398F592C32250900EF03C5 /* Log.swift */; };
		283F53982C51A4E5005C6726 /* WebViewPresenterSpy.swift in Sources */ = {isa = PBXBuildFile; fileRef = 283F53972C51A4E5005C6726 /* WebViewPresenterSpy.swift */; };
		283F539A2C51A507005C6726 /* ImagesListPresenterSpy.swift in Sources */ = {isa = PBXBuildFile; fileRef = 283F53992C51A507005C6726 /* ImagesListPresenterSpy.swift */; };
		285DCBA32C3F012F00C3270D /* LikeRequest.swift in Sources */ = {isa = PBXBuildFile; fileRef = 285DCBA22C3F012F00C3270D /* LikeRequest.swift */; };
		285DCBA62C3F02A900C3270D /* Dislike.swift in Sources */ = {isa = PBXBuildFile; fileRef = 285DCBA52C3F02A900C3270D /* Dislike.swift */; };
		285DCBA82C3F035300C3270D /* LikeService.swift in Sources */ = {isa = PBXBuildFile; fileRef = 285DCBA72C3F035300C3270D /* LikeService.swift */; };
		286870392C21CD870026FBE9 /* ModelImageCell.swift in Sources */ = {isa = PBXBuildFile; fileRef = 286870382C21CD870026FBE9 /* ModelImageCell.swift */; };
		2868703B2C21CE880026FBE9 /* ImagesListPresenter.swift in Sources */ = {isa = PBXBuildFile; fileRef = 2868703A2C21CE880026FBE9 /* ImagesListPresenter.swift */; };
		288B46322C330430008073B4 /* Photo.swift in Sources */ = {isa = PBXBuildFile; fileRef = 288B46312C330430008073B4 /* Photo.swift */; };
		288B46342C330464008073B4 /* ImagesListService.swift in Sources */ = {isa = PBXBuildFile; fileRef = 288B46332C330464008073B4 /* ImagesListService.swift */; };
		288B46362C3307D7008073B4 /* ImagesListRequest.swift in Sources */ = {isa = PBXBuildFile; fileRef = 288B46352C3307D7008073B4 /* ImagesListRequest.swift */; };
		288B46382C330B02008073B4 /* PhotoResult.swift in Sources */ = {isa = PBXBuildFile; fileRef = 288B46372C330B02008073B4 /* PhotoResult.swift */; };
		288B463A2C330C9D008073B4 /* PhotoConverter.swift in Sources */ = {isa = PBXBuildFile; fileRef = 288B46392C330C9D008073B4 /* PhotoConverter.swift */; };
		28B4B94B2C1F043100EF251F /* SingleImageVC.swift in Sources */ = {isa = PBXBuildFile; fileRef = 28B4B94A2C1F043100EF251F /* SingleImageVC.swift */; };
		28B4B9532C1F291E00EF251F /* AuthVC.swift in Sources */ = {isa = PBXBuildFile; fileRef = 28B4B9522C1F291E00EF251F /* AuthVC.swift */; };
		28B4B9552C1F2E5A00EF251F /* WebViewVC.swift in Sources */ = {isa = PBXBuildFile; fileRef = 28B4B9542C1F2E5A00EF251F /* WebViewVC.swift */; };
		28B4B9572C1F35B000EF251F /* WebViewPresenter.swift in Sources */ = {isa = PBXBuildFile; fileRef = 28B4B9562C1F35B000EF251F /* WebViewPresenter.swift */; };
		28CA65222C4326DF0043E5B2 /* ProfileLogoutService.swift in Sources */ = {isa = PBXBuildFile; fileRef = 28CA65212C4326DF0043E5B2 /* ProfileLogoutService.swift */; };
		28ED052D2C4D98400039137F /* ImageFeedMyUITest.swift in Sources */ = {isa = PBXBuildFile; fileRef = 28ED052C2C4D98400039137F /* ImageFeedMyUITest.swift */; };
		33169DCB2BE3AC6000943F51 /* AppDelegate.swift in Sources */ = {isa = PBXBuildFile; fileRef = 33169DCA2BE3AC6000943F51 /* AppDelegate.swift */; };
		33169DCD2BE3AC6000943F51 /* SceneDelegate.swift in Sources */ = {isa = PBXBuildFile; fileRef = 33169DCC2BE3AC6000943F51 /* SceneDelegate.swift */; };
		33169DCF2BE3AC6000943F51 /* ImagesListVC.swift in Sources */ = {isa = PBXBuildFile; fileRef = 33169DCE2BE3AC6000943F51 /* ImagesListVC.swift */; };
		33169DD42BE3AC6300943F51 /* Assets.xcassets in Resources */ = {isa = PBXBuildFile; fileRef = 33169DD32BE3AC6300943F51 /* Assets.xcassets */; };
		33169DD72BE3AC6300943F51 /* Base in Resources */ = {isa = PBXBuildFile; fileRef = 33169DD62BE3AC6300943F51 /* Base */; };
		3373359E2BE9016D00B71972 /* ImagesListCell.swift in Sources */ = {isa = PBXBuildFile; fileRef = 3373359D2BE9016D00B71972 /* ImagesListCell.swift */; };
		33CB3CDD2BE926D60063F36A /* Constants.swift in Sources */ = {isa = PBXBuildFile; fileRef = 33CB3CDC2BE926D60063F36A /* Constants.swift */; };
/* End PBXBuildFile section */

/* Begin PBXContainerItemProxy section */
		281FC9B42C4839A000CA7555 /* PBXContainerItemProxy */ = {
			isa = PBXContainerItemProxy;
			containerPortal = 33169DBF2BE3AC6000943F51 /* Project object */;
			proxyType = 1;
			remoteGlobalIDString = 33169DC62BE3AC6000943F51;
			remoteInfo = ImageFeedMy;
		};
		28ED05302C4D98400039137F /* PBXContainerItemProxy */ = {
			isa = PBXContainerItemProxy;
			containerPortal = 33169DBF2BE3AC6000943F51 /* Project object */;
			proxyType = 1;
			remoteGlobalIDString = 33169DC62BE3AC6000943F51;
			remoteInfo = ImageFeedMy;
		};
/* End PBXContainerItemProxy section */

/* Begin PBXFileReference section */
		2817FB3A2C45263B0028A0E7 /* DateFormatterISO.swift */ = {isa = PBXFileReference; lastKnownFileType = sourcecode.swift; path = DateFormatterISO.swift; sourceTree = "<group>"; };
		281E21912C21951B000C0CCD /* AuthPresenter.swift */ = {isa = PBXFileReference; lastKnownFileType = sourcecode.swift; path = AuthPresenter.swift; sourceTree = "<group>"; };
		281E21962C21A007000C0CCD /* OAuth2Service.swift */ = {isa = PBXFileReference; lastKnownFileType = sourcecode.swift; path = OAuth2Service.swift; sourceTree = "<group>"; };
		281E21982C21A0B7000C0CCD /* URLSession+data.swift */ = {isa = PBXFileReference; lastKnownFileType = sourcecode.swift; path = "URLSession+data.swift"; sourceTree = "<group>"; };
		281E219B2C21A315000C0CCD /* OAuthTokenResponseBody.swift */ = {isa = PBXFileReference; lastKnownFileType = sourcecode.swift; path = OAuthTokenResponseBody.swift; sourceTree = "<group>"; };
		281E219E2C21A42F000C0CCD /* SplashVC.swift */ = {isa = PBXFileReference; lastKnownFileType = sourcecode.swift; path = SplashVC.swift; sourceTree = "<group>"; };
		281E21A12C21A623000C0CCD /* OAuth2TokenStorage.swift */ = {isa = PBXFileReference; lastKnownFileType = sourcecode.swift; path = OAuth2TokenStorage.swift; sourceTree = "<group>"; };
		281E21A32C21A77A000C0CCD /* SplashPresenter.swift */ = {isa = PBXFileReference; lastKnownFileType = sourcecode.swift; path = SplashPresenter.swift; sourceTree = "<group>"; };
		281FC9A82C48373000CA7555 /* AuthConfiguration.swift */ = {isa = PBXFileReference; lastKnownFileType = sourcecode.swift; path = AuthConfiguration.swift; sourceTree = "<group>"; };
		281FC9B02C4839A000CA7555 /* ImageFeedMyTests.xctest */ = {isa = PBXFileReference; explicitFileType = wrapper.cfbundle; includeInIndex = 0; path = ImageFeedMyTests.xctest; sourceTree = BUILT_PRODUCTS_DIR; };
		281FC9B22C4839A000CA7555 /* ImageFeedMyTests.swift */ = {isa = PBXFileReference; lastKnownFileType = sourcecode.swift; path = ImageFeedMyTests.swift; sourceTree = "<group>"; };
		28304D402C188CCB00CAE7E9 /* ProfileVC.swift */ = {isa = PBXFileReference; lastKnownFileType = sourcecode.swift; path = ProfileVC.swift; sourceTree = "<group>"; };
		28304D422C1B4C9700CAE7E9 /* RootTabBarVC.swift */ = {isa = PBXFileReference; lastKnownFileType = sourcecode.swift; path = RootTabBarVC.swift; sourceTree = "<group>"; };
		2834063C2C48498300D39774 /* TestPlan.xctestplan */ = {isa = PBXFileReference; lastKnownFileType = text; path = TestPlan.xctestplan; sourceTree = "<group>"; };
		2834063D2C484E7900D39774 /* ImageListTests.swift */ = {isa = PBXFileReference; lastKnownFileType = sourcecode.swift; path = ImageListTests.swift; sourceTree = "<group>"; };
		283925E62C459A0F0078707F /* CAGradientLayer+Extensions.swift */ = {isa = PBXFileReference; lastKnownFileType = sourcecode.swift; path = "CAGradientLayer+Extensions.swift"; sourceTree = "<group>"; };
		283925E92C45A1FA0078707F /* GradientCell.swift */ = {isa = PBXFileReference; lastKnownFileType = sourcecode.swift; path = GradientCell.swift; sourceTree = "<group>"; };
		28398F2E2C31EA3100EF03C5 /* NetworkApi.swift */ = {isa = PBXFileReference; lastKnownFileType = sourcecode.swift; path = NetworkApi.swift; sourceTree = "<group>"; };
		28398F312C31EAA700EF03C5 /* BaseRequestProtocol.swift */ = {isa = PBXFileReference; lastKnownFileType = sourcecode.swift; path = BaseRequestProtocol.swift; sourceTree = "<group>"; };
		28398F332C31EAC600EF03C5 /* BaseRequestImpl.swift */ = {isa = PBXFileReference; lastKnownFileType = sourcecode.swift; path = BaseRequestImpl.swift; sourceTree = "<group>"; };
		28398F362C31EEED00EF03C5 /* OAuth2Request.swift */ = {isa = PBXFileReference; lastKnownFileType = sourcecode.swift; path = OAuth2Request.swift; sourceTree = "<group>"; };
		28398F382C31F37A00EF03C5 /* WebViewRequest.swift */ = {isa = PBXFileReference; lastKnownFileType = sourcecode.swift; path = WebViewRequest.swift; sourceTree = "<group>"; };
		28398F3B2C320FDF00EF03C5 /* UIBlockingProgressHUD.swift */ = {isa = PBXFileReference; lastKnownFileType = sourcecode.swift; path = UIBlockingProgressHUD.swift; sourceTree = "<group>"; };
		28398F3F2C32122700EF03C5 /* ProfileResult.swift */ = {isa = PBXFileReference; lastKnownFileType = sourcecode.swift; path = ProfileResult.swift; sourceTree = "<group>"; };
		28398F432C32125A00EF03C5 /* Profile.swift */ = {isa = PBXFileReference; lastKnownFileType = sourcecode.swift; path = Profile.swift; sourceTree = "<group>"; };
		28398F462C32127200EF03C5 /* UserResult.swift */ = {isa = PBXFileReference; lastKnownFileType = sourcecode.swift; path = UserResult.swift; sourceTree = "<group>"; };
		28398F4B2C3212D600EF03C5 /* ProfileService.swift */ = {isa = PBXFileReference; lastKnownFileType = sourcecode.swift; path = ProfileService.swift; sourceTree = "<group>"; };
		28398F4D2C3212EF00EF03C5 /* ProfileRequest.swift */ = {isa = PBXFileReference; lastKnownFileType = sourcecode.swift; path = ProfileRequest.swift; sourceTree = "<group>"; };
		28398F4F2C32154B00EF03C5 /* ProfileConverter.swift */ = {isa = PBXFileReference; lastKnownFileType = sourcecode.swift; path = ProfileConverter.swift; sourceTree = "<group>"; };
		28398F522C321ADA00EF03C5 /* ProfileImageRequest.swift */ = {isa = PBXFileReference; lastKnownFileType = sourcecode.swift; path = ProfileImageRequest.swift; sourceTree = "<group>"; };
		28398F552C321B4C00EF03C5 /* ProfileImageService.swift */ = {isa = PBXFileReference; lastKnownFileType = sourcecode.swift; path = ProfileImageService.swift; sourceTree = "<group>"; };
		28398F592C32250900EF03C5 /* Log.swift */ = {isa = PBXFileReference; lastKnownFileType = sourcecode.swift; path = Log.swift; sourceTree = "<group>"; };
		283F53972C51A4E5005C6726 /* WebViewPresenterSpy.swift */ = {isa = PBXFileReference; lastKnownFileType = sourcecode.swift; path = WebViewPresenterSpy.swift; sourceTree = "<group>"; };
		283F53992C51A507005C6726 /* ImagesListPresenterSpy.swift */ = {isa = PBXFileReference; lastKnownFileType = sourcecode.swift; path = ImagesListPresenterSpy.swift; sourceTree = "<group>"; };
		285DCBA22C3F012F00C3270D /* LikeRequest.swift */ = {isa = PBXFileReference; lastKnownFileType = sourcecode.swift; path = LikeRequest.swift; sourceTree = "<group>"; };
		285DCBA52C3F02A900C3270D /* Dislike.swift */ = {isa = PBXFileReference; lastKnownFileType = sourcecode.swift; path = Dislike.swift; sourceTree = "<group>"; };
		285DCBA72C3F035300C3270D /* LikeService.swift */ = {isa = PBXFileReference; lastKnownFileType = sourcecode.swift; path = LikeService.swift; sourceTree = "<group>"; };
		286870382C21CD870026FBE9 /* ModelImageCell.swift */ = {isa = PBXFileReference; lastKnownFileType = sourcecode.swift; path = ModelImageCell.swift; sourceTree = "<group>"; };
		2868703A2C21CE880026FBE9 /* ImagesListPresenter.swift */ = {isa = PBXFileReference; lastKnownFileType = sourcecode.swift; path = ImagesListPresenter.swift; sourceTree = "<group>"; };
		288B46312C330430008073B4 /* Photo.swift */ = {isa = PBXFileReference; lastKnownFileType = sourcecode.swift; path = Photo.swift; sourceTree = "<group>"; };
		288B46332C330464008073B4 /* ImagesListService.swift */ = {isa = PBXFileReference; lastKnownFileType = sourcecode.swift; path = ImagesListService.swift; sourceTree = "<group>"; };
		288B46352C3307D7008073B4 /* ImagesListRequest.swift */ = {isa = PBXFileReference; lastKnownFileType = sourcecode.swift; path = ImagesListRequest.swift; sourceTree = "<group>"; };
		288B46372C330B02008073B4 /* PhotoResult.swift */ = {isa = PBXFileReference; lastKnownFileType = sourcecode.swift; path = PhotoResult.swift; sourceTree = "<group>"; };
		288B46392C330C9D008073B4 /* PhotoConverter.swift */ = {isa = PBXFileReference; lastKnownFileType = sourcecode.swift; path = PhotoConverter.swift; sourceTree = "<group>"; };
		28B4B94A2C1F043100EF251F /* SingleImageVC.swift */ = {isa = PBXFileReference; lastKnownFileType = sourcecode.swift; path = SingleImageVC.swift; sourceTree = "<group>"; };
		28B4B9522C1F291E00EF251F /* AuthVC.swift */ = {isa = PBXFileReference; lastKnownFileType = sourcecode.swift; path = AuthVC.swift; sourceTree = "<group>"; };
		28B4B9542C1F2E5A00EF251F /* WebViewVC.swift */ = {isa = PBXFileReference; lastKnownFileType = sourcecode.swift; path = WebViewVC.swift; sourceTree = "<group>"; };
		28B4B9562C1F35B000EF251F /* WebViewPresenter.swift */ = {isa = PBXFileReference; lastKnownFileType = sourcecode.swift; path = WebViewPresenter.swift; sourceTree = "<group>"; };
		28CA65212C4326DF0043E5B2 /* ProfileLogoutService.swift */ = {isa = PBXFileReference; lastKnownFileType = sourcecode.swift; path = ProfileLogoutService.swift; sourceTree = "<group>"; };
		28ED052A2C4D98400039137F /* ImageFeedMyUITests.xctest */ = {isa = PBXFileReference; explicitFileType = wrapper.cfbundle; includeInIndex = 0; path = ImageFeedMyUITests.xctest; sourceTree = BUILT_PRODUCTS_DIR; };
		28ED052C2C4D98400039137F /* ImageFeedMyUITest.swift */ = {isa = PBXFileReference; lastKnownFileType = sourcecode.swift; path = ImageFeedMyUITest.swift; sourceTree = "<group>"; };
		33169DC72BE3AC6000943F51 /* ImageFeedMy.app */ = {isa = PBXFileReference; explicitFileType = wrapper.application; includeInIndex = 0; path = ImageFeedMy.app; sourceTree = BUILT_PRODUCTS_DIR; };
		33169DCA2BE3AC6000943F51 /* AppDelegate.swift */ = {isa = PBXFileReference; lastKnownFileType = sourcecode.swift; path = AppDelegate.swift; sourceTree = "<group>"; };
		33169DCC2BE3AC6000943F51 /* SceneDelegate.swift */ = {isa = PBXFileReference; lastKnownFileType = sourcecode.swift; path = SceneDelegate.swift; sourceTree = "<group>"; };
		33169DCE2BE3AC6000943F51 /* ImagesListVC.swift */ = {isa = PBXFileReference; lastKnownFileType = sourcecode.swift; path = ImagesListVC.swift; sourceTree = "<group>"; };
		33169DD32BE3AC6300943F51 /* Assets.xcassets */ = {isa = PBXFileReference; lastKnownFileType = folder.assetcatalog; path = Assets.xcassets; sourceTree = "<group>"; };
		33169DD62BE3AC6300943F51 /* Base */ = {isa = PBXFileReference; lastKnownFileType = file.storyboard; name = Base; path = Base.lproj/LaunchScreen.storyboard; sourceTree = "<group>"; };
		33169DD82BE3AC6300943F51 /* Info.plist */ = {isa = PBXFileReference; lastKnownFileType = text.plist.xml; path = Info.plist; sourceTree = "<group>"; };
		3373359D2BE9016D00B71972 /* ImagesListCell.swift */ = {isa = PBXFileReference; lastKnownFileType = sourcecode.swift; path = ImagesListCell.swift; sourceTree = "<group>"; };
		33CB3CDC2BE926D60063F36A /* Constants.swift */ = {isa = PBXFileReference; lastKnownFileType = sourcecode.swift; path = Constants.swift; sourceTree = "<group>"; };
/* End PBXFileReference section */

/* Begin PBXFrameworksBuildPhase section */
		281FC9AD2C4839A000CA7555 /* Frameworks */ = {
			isa = PBXFrameworksBuildPhase;
			buildActionMask = 2147483647;
			files = (
			);
			runOnlyForDeploymentPostprocessing = 0;
		};
		28ED05272C4D98400039137F /* Frameworks */ = {
			isa = PBXFrameworksBuildPhase;
			buildActionMask = 2147483647;
			files = (
			);
			runOnlyForDeploymentPostprocessing = 0;
		};
		33169DC42BE3AC6000943F51 /* Frameworks */ = {
			isa = PBXFrameworksBuildPhase;
			buildActionMask = 2147483647;
			files = (
				28398F2D2C31E9A400EF03C5 /* ProgressHUD in Frameworks */,
				28398F2A2C31E99D00EF03C5 /* Kingfisher in Frameworks */,
				28103FD42C32DDB5006EF0F1 /* Logging in Frameworks */,
				28398F272C31E99600EF03C5 /* SwiftKeychainWrapper in Frameworks */,
			);
			runOnlyForDeploymentPostprocessing = 0;
		};
/* End PBXFrameworksBuildPhase section */

/* Begin PBXGroup section */
		281E21932C219571000C0CCD /* Auth */ = {
			isa = PBXGroup;
			children = (
				28B4B9522C1F291E00EF251F /* AuthVC.swift */,
				281E21912C21951B000C0CCD /* AuthPresenter.swift */,
				281FC9A82C48373000CA7555 /* AuthConfiguration.swift */,
			);
			path = Auth;
			sourceTree = "<group>";
		};
		281E21942C219583000C0CCD /* WebView */ = {
			isa = PBXGroup;
			children = (
				28B4B9542C1F2E5A00EF251F /* WebViewVC.swift */,
				28B4B9562C1F35B000EF251F /* WebViewPresenter.swift */,
				28398F382C31F37A00EF03C5 /* WebViewRequest.swift */,
			);
			path = WebView;
			sourceTree = "<group>";
		};
		281E21952C219FA4000C0CCD /* Api */ = {
			isa = PBXGroup;
			children = (
				285DCBA42C3F029600C3270D /* Likes */,
				288B462F2C330419008073B4 /* ImagesList */,
				28398F512C321AD000EF03C5 /* ProfileImage */,
				28398F4A2C3212CF00EF03C5 /* Profile */,
				28398F352C31EED900EF03C5 /* OAuth2 */,
				28398F302C31EA9300EF03C5 /* NetworkRequest */,
				281E219A2C21A309000C0CCD /* Model */,
				281E21982C21A0B7000C0CCD /* URLSession+data.swift */,
				28398F2E2C31EA3100EF03C5 /* NetworkApi.swift */,
			);
			path = Api;
			sourceTree = "<group>";
		};
		281E219A2C21A309000C0CCD /* Model */ = {
			isa = PBXGroup;
			children = (
				288B46302C330425008073B4 /* ImagesList */,
				28398F482C32127B00EF03C5 /* OAuth2 */,
				28398F412C32124600EF03C5 /* Profile */,
			);
			path = Model;
			sourceTree = "<group>";
		};
		281E219D2C21A41B000C0CCD /* Splash */ = {
			isa = PBXGroup;
			children = (
				281E219E2C21A42F000C0CCD /* SplashVC.swift */,
				281E21A32C21A77A000C0CCD /* SplashPresenter.swift */,
			);
			path = Splash;
			sourceTree = "<group>";
		};
		281E21A02C21A60A000C0CCD /* UserSettings */ = {
			isa = PBXGroup;
			children = (
				281E21A12C21A623000C0CCD /* OAuth2TokenStorage.swift */,
			);
			path = UserSettings;
			sourceTree = "<group>";
		};
		281FC9B12C4839A000CA7555 /* ImageFeedMyTests */ = {
			isa = PBXGroup;
			children = (
				281FC9B22C4839A000CA7555 /* ImageFeedMyTests.swift */,
				2834063D2C484E7900D39774 /* ImageListTests.swift */,
				283F53972C51A4E5005C6726 /* WebViewPresenterSpy.swift */,
				283F53992C51A507005C6726 /* ImagesListPresenterSpy.swift */,
			);
			path = ImageFeedMyTests;
			sourceTree = "<group>";
		};
		283925E82C45A1EF0078707F /*  Cell */ = {
			isa = PBXGroup;
			children = (
				3373359D2BE9016D00B71972 /* ImagesListCell.swift */,
				283925E92C45A1FA0078707F /* GradientCell.swift */,
			);
			path = " Cell";
			sourceTree = "<group>";
		};
		28398F302C31EA9300EF03C5 /* NetworkRequest */ = {
			isa = PBXGroup;
			children = (
				28398F312C31EAA700EF03C5 /* BaseRequestProtocol.swift */,
				28398F332C31EAC600EF03C5 /* BaseRequestImpl.swift */,
			);
			path = NetworkRequest;
			sourceTree = "<group>";
		};
		28398F352C31EED900EF03C5 /* OAuth2 */ = {
			isa = PBXGroup;
			children = (
				281E21962C21A007000C0CCD /* OAuth2Service.swift */,
				28398F362C31EEED00EF03C5 /* OAuth2Request.swift */,
			);
			path = OAuth2;
			sourceTree = "<group>";
		};
		28398F412C32124600EF03C5 /* Profile */ = {
			isa = PBXGroup;
			children = (
				28398F3F2C32122700EF03C5 /* ProfileResult.swift */,
				28398F462C32127200EF03C5 /* UserResult.swift */,
			);
			path = Profile;
			sourceTree = "<group>";
		};
		28398F422C32125700EF03C5 /* Model */ = {
			isa = PBXGroup;
			children = (
				28398F432C32125A00EF03C5 /* Profile.swift */,
			);
			path = Model;
			sourceTree = "<group>";
		};
		28398F482C32127B00EF03C5 /* OAuth2 */ = {
			isa = PBXGroup;
			children = (
				281E219B2C21A315000C0CCD /* OAuthTokenResponseBody.swift */,
			);
			path = OAuth2;
			sourceTree = "<group>";
		};
		28398F4A2C3212CF00EF03C5 /* Profile */ = {
			isa = PBXGroup;
			children = (
				28398F4B2C3212D600EF03C5 /* ProfileService.swift */,
				28398F4D2C3212EF00EF03C5 /* ProfileRequest.swift */,
			);
			path = Profile;
			sourceTree = "<group>";
		};
		28398F512C321AD000EF03C5 /* ProfileImage */ = {
			isa = PBXGroup;
			children = (
				28398F522C321ADA00EF03C5 /* ProfileImageRequest.swift */,
				28398F552C321B4C00EF03C5 /* ProfileImageService.swift */,
			);
			path = ProfileImage;
			sourceTree = "<group>";
		};
		285DCBA42C3F029600C3270D /* Likes */ = {
			isa = PBXGroup;
			children = (
				285DCBA22C3F012F00C3270D /* LikeRequest.swift */,
				285DCBA52C3F02A900C3270D /* Dislike.swift */,
				285DCBA72C3F035300C3270D /* LikeService.swift */,
			);
			path = Likes;
			sourceTree = "<group>";
		};
		286870372C21CD7A0026FBE9 /* Model */ = {
			isa = PBXGroup;
			children = (
				288B46312C330430008073B4 /* Photo.swift */,
				286870382C21CD870026FBE9 /* ModelImageCell.swift */,
			);
			path = Model;
			sourceTree = "<group>";
		};
		288B462F2C330419008073B4 /* ImagesList */ = {
			isa = PBXGroup;
			children = (
				288B46332C330464008073B4 /* ImagesListService.swift */,
				288B46352C3307D7008073B4 /* ImagesListRequest.swift */,
			);
			path = ImagesList;
			sourceTree = "<group>";
		};
		288B46302C330425008073B4 /* ImagesList */ = {
			isa = PBXGroup;
			children = (
				288B46372C330B02008073B4 /* PhotoResult.swift */,
			);
			path = ImagesList;
			sourceTree = "<group>";
		};
		28B4B94D2C1F0A8B00EF251F /* ImagesList */ = {
			isa = PBXGroup;
			children = (
				283925E82C45A1EF0078707F /*  Cell */,
				286870372C21CD7A0026FBE9 /* Model */,
				33169DCE2BE3AC6000943F51 /* ImagesListVC.swift */,
				2868703A2C21CE880026FBE9 /* ImagesListPresenter.swift */,
				288B46392C330C9D008073B4 /* PhotoConverter.swift */,
			);
			path = ImagesList;
			sourceTree = "<group>";
		};
		28B4B94E2C1F0A9E00EF251F /* Profile */ = {
			isa = PBXGroup;
			children = (
				28398F422C32125700EF03C5 /* Model */,
				28304D402C188CCB00CAE7E9 /* ProfileVC.swift */,
				28398F4F2C32154B00EF03C5 /* ProfileConverter.swift */,
				28CA65212C4326DF0043E5B2 /* ProfileLogoutService.swift */,
			);
			path = Profile;
			sourceTree = "<group>";
		};
		28B4B94F2C1F0AB100EF251F /* RootVC */ = {
			isa = PBXGroup;
			children = (
				28304D422C1B4C9700CAE7E9 /* RootTabBarVC.swift */,
			);
			path = RootVC;
			sourceTree = "<group>";
		};
		28B4B9502C1F0ABE00EF251F /* SingleImage */ = {
			isa = PBXGroup;
			children = (
				28B4B94A2C1F043100EF251F /* SingleImageVC.swift */,
			);
			path = SingleImage;
			sourceTree = "<group>";
		};
		28B4B9512C1F290D00EF251F /* Auth */ = {
			isa = PBXGroup;
			children = (
				281E21942C219583000C0CCD /* WebView */,
				281E21932C219571000C0CCD /* Auth */,
			);
			path = Auth;
			sourceTree = "<group>";
		};
		28ED052B2C4D98400039137F /* ImageFeedMyUITests */ = {
			isa = PBXGroup;
			children = (
				28ED052C2C4D98400039137F /* ImageFeedMyUITest.swift */,
			);
			path = ImageFeedMyUITests;
			sourceTree = "<group>";
		};
		33169DBE2BE3AC6000943F51 = {
			isa = PBXGroup;
			children = (
				2834063C2C48498300D39774 /* TestPlan.xctestplan */,
				33169DC92BE3AC6000943F51 /* ImageFeedMy */,
				33169DCA2BE3AC6000943F51 /* AppDelegate.swift */,
				33169DCC2BE3AC6000943F51 /* SceneDelegate.swift */,
				281FC9B12C4839A000CA7555 /* ImageFeedMyTests */,
				28ED052B2C4D98400039137F /* ImageFeedMyUITests */,
				33169DC82BE3AC6000943F51 /* Products */,
			);
			sourceTree = "<group>";
		};
		33169DC82BE3AC6000943F51 /* Products */ = {
			isa = PBXGroup;
			children = (
				33169DC72BE3AC6000943F51 /* ImageFeedMy.app */,
				281FC9B02C4839A000CA7555 /* ImageFeedMyTests.xctest */,
				28ED052A2C4D98400039137F /* ImageFeedMyUITests.xctest */,
			);
			name = Products;
			sourceTree = "<group>";
		};
		33169DC92BE3AC6000943F51 /* ImageFeedMy */ = {
			isa = PBXGroup;
			children = (
				281E21A02C21A60A000C0CCD /* UserSettings */,
				281E219D2C21A41B000C0CCD /* Splash */,
				281E21952C219FA4000C0CCD /* Api */,
				28B4B9512C1F290D00EF251F /* Auth */,
				28B4B9502C1F0ABE00EF251F /* SingleImage */,
				28B4B94F2C1F0AB100EF251F /* RootVC */,
				28B4B94E2C1F0A9E00EF251F /* Profile */,
				28B4B94D2C1F0A8B00EF251F /* ImagesList */,
				33CB3CE12BE928190063F36A /* Resources */,
				33CB3CE02BE9280F0063F36A /* Utils */,
			);
			path = ImageFeedMy;
			sourceTree = "<group>";
		};
		33CB3CE02BE9280F0063F36A /* Utils */ = {
			isa = PBXGroup;
			children = (
				33CB3CDC2BE926D60063F36A /* Constants.swift */,
				28398F3B2C320FDF00EF03C5 /* UIBlockingProgressHUD.swift */,
				28398F592C32250900EF03C5 /* Log.swift */,
				2817FB3A2C45263B0028A0E7 /* DateFormatterISO.swift */,
				283925E62C459A0F0078707F /* CAGradientLayer+Extensions.swift */,
			);
			path = Utils;
			sourceTree = "<group>";
		};
		33CB3CE12BE928190063F36A /* Resources */ = {
			isa = PBXGroup;
			children = (
				33169DD32BE3AC6300943F51 /* Assets.xcassets */,
				33169DD52BE3AC6300943F51 /* LaunchScreen.storyboard */,
				33169DD82BE3AC6300943F51 /* Info.plist */,
			);
			path = Resources;
			sourceTree = "<group>";
		};
/* End PBXGroup section */

/* Begin PBXNativeTarget section */
		281FC9AF2C4839A000CA7555 /* ImageFeedMyTests */ = {
			isa = PBXNativeTarget;
			buildConfigurationList = 281FC9B62C4839A000CA7555 /* Build configuration list for PBXNativeTarget "ImageFeedMyTests" */;
			buildPhases = (
				281FC9AC2C4839A000CA7555 /* Sources */,
				281FC9AD2C4839A000CA7555 /* Frameworks */,
				281FC9AE2C4839A000CA7555 /* Resources */,
			);
			buildRules = (
			);
			dependencies = (
				281FC9B52C4839A000CA7555 /* PBXTargetDependency */,
			);
			name = ImageFeedMyTests;
			productName = ImageFeedMyTests;
			productReference = 281FC9B02C4839A000CA7555 /* ImageFeedMyTests.xctest */;
			productType = "com.apple.product-type.bundle.unit-test";
		};
		28ED05292C4D98400039137F /* ImageFeedMyUITests */ = {
			isa = PBXNativeTarget;
			buildConfigurationList = 28ED05342C4D98400039137F /* Build configuration list for PBXNativeTarget "ImageFeedMyUITests" */;
			buildPhases = (
				28ED05262C4D98400039137F /* Sources */,
				28ED05272C4D98400039137F /* Frameworks */,
				28ED05282C4D98400039137F /* Resources */,
			);
			buildRules = (
			);
			dependencies = (
				28ED05312C4D98400039137F /* PBXTargetDependency */,
			);
			name = ImageFeedMyUITests;
			productName = ImageFeedMyUITests;
			productReference = 28ED052A2C4D98400039137F /* ImageFeedMyUITests.xctest */;
			productType = "com.apple.product-type.bundle.ui-testing";
		};
		33169DC62BE3AC6000943F51 /* ImageFeedMy */ = {
			isa = PBXNativeTarget;
			buildConfigurationList = 33169DDB2BE3AC6300943F51 /* Build configuration list for PBXNativeTarget "ImageFeedMy" */;
			buildPhases = (
				33169DC32BE3AC6000943F51 /* Sources */,
				33169DC42BE3AC6000943F51 /* Frameworks */,
				33169DC52BE3AC6000943F51 /* Resources */,
			);
			buildRules = (
			);
			dependencies = (
			);
			name = ImageFeedMy;
			packageProductDependencies = (
				28398F262C31E99600EF03C5 /* SwiftKeychainWrapper */,
				28398F292C31E99D00EF03C5 /* Kingfisher */,
				28398F2C2C31E9A400EF03C5 /* ProgressHUD */,
				28103FD32C32DDB5006EF0F1 /* Logging */,
			);
			productName = ImageFeedMy;
			productReference = 33169DC72BE3AC6000943F51 /* ImageFeedMy.app */;
			productType = "com.apple.product-type.application";
		};
/* End PBXNativeTarget section */

/* Begin PBXProject section */
		33169DBF2BE3AC6000943F51 /* Project object */ = {
			isa = PBXProject;
			attributes = {
				BuildIndependentTargetsInParallel = 1;
				LastSwiftUpdateCheck = 1540;
				LastUpgradeCheck = 1530;
				TargetAttributes = {
					281FC9AF2C4839A000CA7555 = {
						CreatedOnToolsVersion = 15.4;
						TestTargetID = 33169DC62BE3AC6000943F51;
					};
					28ED05292C4D98400039137F = {
						CreatedOnToolsVersion = 15.4;
						TestTargetID = 33169DC62BE3AC6000943F51;
					};
					33169DC62BE3AC6000943F51 = {
						CreatedOnToolsVersion = 15.3;
					};
				};
			};
			buildConfigurationList = 33169DC22BE3AC6000943F51 /* Build configuration list for PBXProject "ImageFeedMy" */;
			compatibilityVersion = "Xcode 14.0";
			developmentRegion = en;
			hasScannedForEncodings = 0;
			knownRegions = (
				en,
				Base,
			);
			mainGroup = 33169DBE2BE3AC6000943F51;
			packageReferences = (
				28398F252C31E99600EF03C5 /* XCRemoteSwiftPackageReference "SwiftKeychainWrapper" */,
				28398F282C31E99D00EF03C5 /* XCRemoteSwiftPackageReference "Kingfisher" */,
				28398F2B2C31E9A300EF03C5 /* XCRemoteSwiftPackageReference "ProgressHUD" */,
				28103FD22C32DDB5006EF0F1 /* XCRemoteSwiftPackageReference "swift-log" */,
			);
			productRefGroup = 33169DC82BE3AC6000943F51 /* Products */;
			projectDirPath = "";
			projectRoot = "";
			targets = (
				33169DC62BE3AC6000943F51 /* ImageFeedMy */,
				281FC9AF2C4839A000CA7555 /* ImageFeedMyTests */,
				28ED05292C4D98400039137F /* ImageFeedMyUITests */,
			);
		};
/* End PBXProject section */

/* Begin PBXResourcesBuildPhase section */
		281FC9AE2C4839A000CA7555 /* Resources */ = {
			isa = PBXResourcesBuildPhase;
			buildActionMask = 2147483647;
			files = (
			);
			runOnlyForDeploymentPostprocessing = 0;
		};
		28ED05282C4D98400039137F /* Resources */ = {
			isa = PBXResourcesBuildPhase;
			buildActionMask = 2147483647;
			files = (
			);
			runOnlyForDeploymentPostprocessing = 0;
		};
		33169DC52BE3AC6000943F51 /* Resources */ = {
			isa = PBXResourcesBuildPhase;
			buildActionMask = 2147483647;
			files = (
				33169DD42BE3AC6300943F51 /* Assets.xcassets in Resources */,
				33169DD72BE3AC6300943F51 /* Base in Resources */,
			);
			runOnlyForDeploymentPostprocessing = 0;
		};
/* End PBXResourcesBuildPhase section */

/* Begin PBXSourcesBuildPhase section */
		281FC9AC2C4839A000CA7555 /* Sources */ = {
			isa = PBXSourcesBuildPhase;
			buildActionMask = 2147483647;
			files = (
				281FC9B32C4839A000CA7555 /* ImageFeedMyTests.swift in Sources */,
				283F539A2C51A507005C6726 /* ImagesListPresenterSpy.swift in Sources */,
				2834063E2C484E7900D39774 /* ImageListTests.swift in Sources */,
				283F53982C51A4E5005C6726 /* WebViewPresenterSpy.swift in Sources */,
			);
			runOnlyForDeploymentPostprocessing = 0;
		};
		28ED05262C4D98400039137F /* Sources */ = {
			isa = PBXSourcesBuildPhase;
			buildActionMask = 2147483647;
			files = (
				28ED052D2C4D98400039137F /* ImageFeedMyUITest.swift in Sources */,
			);
			runOnlyForDeploymentPostprocessing = 0;
		};
		33169DC32BE3AC6000943F51 /* Sources */ = {
			isa = PBXSourcesBuildPhase;
			buildActionMask = 2147483647;
			files = (
				281E21992C21A0B7000C0CCD /* URLSession+data.swift in Sources */,
				28B4B9552C1F2E5A00EF251F /* WebViewVC.swift in Sources */,
				28398F502C32154B00EF03C5 /* ProfileConverter.swift in Sources */,
				285DCBA62C3F02A900C3270D /* Dislike.swift in Sources */,
				28B4B9532C1F291E00EF251F /* AuthVC.swift in Sources */,
				2817FB3B2C45263B0028A0E7 /* DateFormatterISO.swift in Sources */,
				28CA65222C4326DF0043E5B2 /* ProfileLogoutService.swift in Sources */,
				281E21972C21A007000C0CCD /* OAuth2Service.swift in Sources */,
				28304D412C188CCB00CAE7E9 /* ProfileVC.swift in Sources */,
				286870392C21CD870026FBE9 /* ModelImageCell.swift in Sources */,
				285DCBA82C3F035300C3270D /* LikeService.swift in Sources */,
				285DCBA32C3F012F00C3270D /* LikeRequest.swift in Sources */,
				33CB3CDD2BE926D60063F36A /* Constants.swift in Sources */,
				28398F532C321ADA00EF03C5 /* ProfileImageRequest.swift in Sources */,
				281E21A22C21A623000C0CCD /* OAuth2TokenStorage.swift in Sources */,
				281E21922C21951B000C0CCD /* AuthPresenter.swift in Sources */,
				28304D432C1B4C9700CAE7E9 /* RootTabBarVC.swift in Sources */,
				288B46322C330430008073B4 /* Photo.swift in Sources */,
				28398F322C31EAA700EF03C5 /* BaseRequestProtocol.swift in Sources */,
				283925EA2C45A1FA0078707F /* GradientCell.swift in Sources */,
				288B463A2C330C9D008073B4 /* PhotoConverter.swift in Sources */,
				33169DCF2BE3AC6000943F51 /* ImagesListVC.swift in Sources */,
				28398F5A2C32250900EF03C5 /* Log.swift in Sources */,
				28398F472C32127200EF03C5 /* UserResult.swift in Sources */,
				3373359E2BE9016D00B71972 /* ImagesListCell.swift in Sources */,
				288B46342C330464008073B4 /* ImagesListService.swift in Sources */,
				28398F2F2C31EA3100EF03C5 /* NetworkApi.swift in Sources */,
				28398F342C31EAC600EF03C5 /* BaseRequestImpl.swift in Sources */,
				288B46382C330B02008073B4 /* PhotoResult.swift in Sources */,
				28398F392C31F37A00EF03C5 /* WebViewRequest.swift in Sources */,
				33169DCB2BE3AC6000943F51 /* AppDelegate.swift in Sources */,
				28398F442C32125A00EF03C5 /* Profile.swift in Sources */,
				28B4B94B2C1F043100EF251F /* SingleImageVC.swift in Sources */,
				33169DCD2BE3AC6000943F51 /* SceneDelegate.swift in Sources */,
				28398F562C321B4C00EF03C5 /* ProfileImageService.swift in Sources */,
				288B46362C3307D7008073B4 /* ImagesListRequest.swift in Sources */,
				28398F3C2C320FDF00EF03C5 /* UIBlockingProgressHUD.swift in Sources */,
				28398F372C31EEED00EF03C5 /* OAuth2Request.swift in Sources */,
				281E219F2C21A42F000C0CCD /* SplashVC.swift in Sources */,
				28B4B9572C1F35B000EF251F /* WebViewPresenter.swift in Sources */,
				281E219C2C21A315000C0CCD /* OAuthTokenResponseBody.swift in Sources */,
				28398F4E2C3212EF00EF03C5 /* ProfileRequest.swift in Sources */,
				2868703B2C21CE880026FBE9 /* ImagesListPresenter.swift in Sources */,
				28398F402C32122700EF03C5 /* ProfileResult.swift in Sources */,
				281FC9A92C48373000CA7555 /* AuthConfiguration.swift in Sources */,
				281E21A42C21A77A000C0CCD /* SplashPresenter.swift in Sources */,
				283925E72C459A0F0078707F /* CAGradientLayer+Extensions.swift in Sources */,
				28398F4C2C3212D600EF03C5 /* ProfileService.swift in Sources */,
			);
			runOnlyForDeploymentPostprocessing = 0;
		};
/* End PBXSourcesBuildPhase section */

/* Begin PBXTargetDependency section */
		281FC9B52C4839A000CA7555 /* PBXTargetDependency */ = {
			isa = PBXTargetDependency;
			target = 33169DC62BE3AC6000943F51 /* ImageFeedMy */;
			targetProxy = 281FC9B42C4839A000CA7555 /* PBXContainerItemProxy */;
		};
		28ED05312C4D98400039137F /* PBXTargetDependency */ = {
			isa = PBXTargetDependency;
			target = 33169DC62BE3AC6000943F51 /* ImageFeedMy */;
			targetProxy = 28ED05302C4D98400039137F /* PBXContainerItemProxy */;
		};
/* End PBXTargetDependency section */

/* Begin PBXVariantGroup section */
		33169DD52BE3AC6300943F51 /* LaunchScreen.storyboard */ = {
			isa = PBXVariantGroup;
			children = (
				33169DD62BE3AC6300943F51 /* Base */,
			);
			name = LaunchScreen.storyboard;
			sourceTree = "<group>";
		};
/* End PBXVariantGroup section */

/* Begin XCBuildConfiguration section */
		281FC9B72C4839A000CA7555 /* Debug */ = {
			isa = XCBuildConfiguration;
			buildSettings = {
				BUNDLE_LOADER = "$(TEST_HOST)";
				CODE_SIGN_STYLE = Automatic;
				CURRENT_PROJECT_VERSION = 1;
				GENERATE_INFOPLIST_FILE = YES;
				IPHONEOS_DEPLOYMENT_TARGET = 17.5;
				MARKETING_VERSION = 1.0;
				PRODUCT_BUNDLE_IDENTIFIER = "ru.practikum.image-feed.ImageFeedMyTests";
				PRODUCT_NAME = "$(TARGET_NAME)";
				SWIFT_EMIT_LOC_STRINGS = NO;
				SWIFT_VERSION = 5.0;
				TARGETED_DEVICE_FAMILY = "1,2";
				TEST_HOST = "$(BUILT_PRODUCTS_DIR)/ImageFeedMy.app/$(BUNDLE_EXECUTABLE_FOLDER_PATH)/ImageFeedMy";
			};
			name = Debug;
		};
		281FC9B82C4839A000CA7555 /* Release */ = {
			isa = XCBuildConfiguration;
			buildSettings = {
				BUNDLE_LOADER = "$(TEST_HOST)";
				CODE_SIGN_STYLE = Automatic;
				CURRENT_PROJECT_VERSION = 1;
				GENERATE_INFOPLIST_FILE = YES;
				IPHONEOS_DEPLOYMENT_TARGET = 17.5;
				MARKETING_VERSION = 1.0;
				PRODUCT_BUNDLE_IDENTIFIER = "ru.practikum.image-feed.ImageFeedMyTests";
				PRODUCT_NAME = "$(TARGET_NAME)";
				SWIFT_EMIT_LOC_STRINGS = NO;
				SWIFT_VERSION = 5.0;
				TARGETED_DEVICE_FAMILY = "1,2";
				TEST_HOST = "$(BUILT_PRODUCTS_DIR)/ImageFeedMy.app/$(BUNDLE_EXECUTABLE_FOLDER_PATH)/ImageFeedMy";
			};
			name = Release;
		};
		28ED05322C4D98400039137F /* Debug */ = {
			isa = XCBuildConfiguration;
			buildSettings = {
				CODE_SIGN_STYLE = Automatic;
				CURRENT_PROJECT_VERSION = 1;
				GENERATE_INFOPLIST_FILE = YES;
				IPHONEOS_DEPLOYMENT_TARGET = 17.5;
				MARKETING_VERSION = 1.0;
				PRODUCT_BUNDLE_IDENTIFIER = "ru.practikum.image-feed.ImageFeedMyUITests";
				PRODUCT_NAME = "$(TARGET_NAME)";
				SWIFT_EMIT_LOC_STRINGS = NO;
				SWIFT_VERSION = 5.0;
				TARGETED_DEVICE_FAMILY = "1,2";
				TEST_TARGET_NAME = ImageFeedMy;
			};
			name = Debug;
		};
		28ED05332C4D98400039137F /* Release */ = {
			isa = XCBuildConfiguration;
			buildSettings = {
				CODE_SIGN_STYLE = Automatic;
				CURRENT_PROJECT_VERSION = 1;
				GENERATE_INFOPLIST_FILE = YES;
				IPHONEOS_DEPLOYMENT_TARGET = 17.5;
				MARKETING_VERSION = 1.0;
				PRODUCT_BUNDLE_IDENTIFIER = "ru.practikum.image-feed.ImageFeedMyUITests";
				PRODUCT_NAME = "$(TARGET_NAME)";
				SWIFT_EMIT_LOC_STRINGS = NO;
				SWIFT_VERSION = 5.0;
				TARGETED_DEVICE_FAMILY = "1,2";
				TEST_TARGET_NAME = ImageFeedMy;
			};
			name = Release;
		};
		33169DD92BE3AC6300943F51 /* Debug */ = {
			isa = XCBuildConfiguration;
			buildSettings = {
				ALWAYS_SEARCH_USER_PATHS = NO;
				ASSETCATALOG_COMPILER_GENERATE_SWIFT_ASSET_SYMBOL_EXTENSIONS = YES;
				CLANG_ANALYZER_NONNULL = YES;
				CLANG_ANALYZER_NUMBER_OBJECT_CONVERSION = YES_AGGRESSIVE;
				CLANG_CXX_LANGUAGE_STANDARD = "gnu++20";
				CLANG_ENABLE_MODULES = YES;
				CLANG_ENABLE_OBJC_ARC = YES;
				CLANG_ENABLE_OBJC_WEAK = YES;
				CLANG_WARN_BLOCK_CAPTURE_AUTORELEASING = YES;
				CLANG_WARN_BOOL_CONVERSION = YES;
				CLANG_WARN_COMMA = YES;
				CLANG_WARN_CONSTANT_CONVERSION = YES;
				CLANG_WARN_DEPRECATED_OBJC_IMPLEMENTATIONS = YES;
				CLANG_WARN_DIRECT_OBJC_ISA_USAGE = YES_ERROR;
				CLANG_WARN_DOCUMENTATION_COMMENTS = YES;
				CLANG_WARN_EMPTY_BODY = YES;
				CLANG_WARN_ENUM_CONVERSION = YES;
				CLANG_WARN_INFINITE_RECURSION = YES;
				CLANG_WARN_INT_CONVERSION = YES;
				CLANG_WARN_NON_LITERAL_NULL_CONVERSION = YES;
				CLANG_WARN_OBJC_IMPLICIT_RETAIN_SELF = YES;
				CLANG_WARN_OBJC_LITERAL_CONVERSION = YES;
				CLANG_WARN_OBJC_ROOT_CLASS = YES_ERROR;
				CLANG_WARN_QUOTED_INCLUDE_IN_FRAMEWORK_HEADER = YES;
				CLANG_WARN_RANGE_LOOP_ANALYSIS = YES;
				CLANG_WARN_STRICT_PROTOTYPES = YES;
				CLANG_WARN_SUSPICIOUS_MOVE = YES;
				CLANG_WARN_UNGUARDED_AVAILABILITY = YES_AGGRESSIVE;
				CLANG_WARN_UNREACHABLE_CODE = YES;
				CLANG_WARN__DUPLICATE_METHOD_MATCH = YES;
				COPY_PHASE_STRIP = NO;
				DEBUG_INFORMATION_FORMAT = dwarf;
				ENABLE_STRICT_OBJC_MSGSEND = YES;
				ENABLE_TESTABILITY = YES;
				ENABLE_USER_SCRIPT_SANDBOXING = YES;
				GCC_C_LANGUAGE_STANDARD = gnu17;
				GCC_DYNAMIC_NO_PIC = NO;
				GCC_NO_COMMON_BLOCKS = YES;
				GCC_OPTIMIZATION_LEVEL = 0;
				GCC_PREPROCESSOR_DEFINITIONS = (
					"DEBUG=1",
					"$(inherited)",
				);
				GCC_WARN_64_TO_32_BIT_CONVERSION = YES;
				GCC_WARN_ABOUT_RETURN_TYPE = YES_ERROR;
				GCC_WARN_UNDECLARED_SELECTOR = YES;
				GCC_WARN_UNINITIALIZED_AUTOS = YES_AGGRESSIVE;
				GCC_WARN_UNUSED_FUNCTION = YES;
				GCC_WARN_UNUSED_VARIABLE = YES;
				IPHONEOS_DEPLOYMENT_TARGET = 17.4;
				LOCALIZATION_PREFERS_STRING_CATALOGS = YES;
				MTL_ENABLE_DEBUG_INFO = INCLUDE_SOURCE;
				MTL_FAST_MATH = YES;
				ONLY_ACTIVE_ARCH = YES;
				SDKROOT = iphoneos;
				SWIFT_ACTIVE_COMPILATION_CONDITIONS = "DEBUG $(inherited)";
				SWIFT_OPTIMIZATION_LEVEL = "-Onone";
			};
			name = Debug;
		};
		33169DDA2BE3AC6300943F51 /* Release */ = {
			isa = XCBuildConfiguration;
			buildSettings = {
				ALWAYS_SEARCH_USER_PATHS = NO;
				ASSETCATALOG_COMPILER_GENERATE_SWIFT_ASSET_SYMBOL_EXTENSIONS = YES;
				CLANG_ANALYZER_NONNULL = YES;
				CLANG_ANALYZER_NUMBER_OBJECT_CONVERSION = YES_AGGRESSIVE;
				CLANG_CXX_LANGUAGE_STANDARD = "gnu++20";
				CLANG_ENABLE_MODULES = YES;
				CLANG_ENABLE_OBJC_ARC = YES;
				CLANG_ENABLE_OBJC_WEAK = YES;
				CLANG_WARN_BLOCK_CAPTURE_AUTORELEASING = YES;
				CLANG_WARN_BOOL_CONVERSION = YES;
				CLANG_WARN_COMMA = YES;
				CLANG_WARN_CONSTANT_CONVERSION = YES;
				CLANG_WARN_DEPRECATED_OBJC_IMPLEMENTATIONS = YES;
				CLANG_WARN_DIRECT_OBJC_ISA_USAGE = YES_ERROR;
				CLANG_WARN_DOCUMENTATION_COMMENTS = YES;
				CLANG_WARN_EMPTY_BODY = YES;
				CLANG_WARN_ENUM_CONVERSION = YES;
				CLANG_WARN_INFINITE_RECURSION = YES;
				CLANG_WARN_INT_CONVERSION = YES;
				CLANG_WARN_NON_LITERAL_NULL_CONVERSION = YES;
				CLANG_WARN_OBJC_IMPLICIT_RETAIN_SELF = YES;
				CLANG_WARN_OBJC_LITERAL_CONVERSION = YES;
				CLANG_WARN_OBJC_ROOT_CLASS = YES_ERROR;
				CLANG_WARN_QUOTED_INCLUDE_IN_FRAMEWORK_HEADER = YES;
				CLANG_WARN_RANGE_LOOP_ANALYSIS = YES;
				CLANG_WARN_STRICT_PROTOTYPES = YES;
				CLANG_WARN_SUSPICIOUS_MOVE = YES;
				CLANG_WARN_UNGUARDED_AVAILABILITY = YES_AGGRESSIVE;
				CLANG_WARN_UNREACHABLE_CODE = YES;
				CLANG_WARN__DUPLICATE_METHOD_MATCH = YES;
				COPY_PHASE_STRIP = NO;
				DEBUG_INFORMATION_FORMAT = "dwarf-with-dsym";
				ENABLE_NS_ASSERTIONS = NO;
				ENABLE_STRICT_OBJC_MSGSEND = YES;
				ENABLE_USER_SCRIPT_SANDBOXING = YES;
				GCC_C_LANGUAGE_STANDARD = gnu17;
				GCC_NO_COMMON_BLOCKS = YES;
				GCC_WARN_64_TO_32_BIT_CONVERSION = YES;
				GCC_WARN_ABOUT_RETURN_TYPE = YES_ERROR;
				GCC_WARN_UNDECLARED_SELECTOR = YES;
				GCC_WARN_UNINITIALIZED_AUTOS = YES_AGGRESSIVE;
				GCC_WARN_UNUSED_FUNCTION = YES;
				GCC_WARN_UNUSED_VARIABLE = YES;
				IPHONEOS_DEPLOYMENT_TARGET = 17.4;
				LOCALIZATION_PREFERS_STRING_CATALOGS = YES;
				MTL_ENABLE_DEBUG_INFO = NO;
				MTL_FAST_MATH = YES;
				SDKROOT = iphoneos;
				SWIFT_COMPILATION_MODE = wholemodule;
				VALIDATE_PRODUCT = YES;
			};
			name = Release;
		};
		33169DDC2BE3AC6300943F51 /* Debug */ = {
			isa = XCBuildConfiguration;
			buildSettings = {
				ASSETCATALOG_COMPILER_APPICON_NAME = AppIcon;
				ASSETCATALOG_COMPILER_GLOBAL_ACCENT_COLOR_NAME = AccentColor;
				CODE_SIGN_STYLE = Automatic;
				CURRENT_PROJECT_VERSION = 1;
				DEVELOPMENT_TEAM = Q9ANSYRAZF;
				GENERATE_INFOPLIST_FILE = YES;
				INFOPLIST_FILE = ImageFeedMy/Resources/Info.plist;
				INFOPLIST_KEY_UIApplicationSupportsIndirectInputEvents = YES;
				INFOPLIST_KEY_UILaunchStoryboardName = LaunchScreen;
				INFOPLIST_KEY_UISupportedInterfaceOrientations = UIInterfaceOrientationPortrait;
				IPHONEOS_DEPLOYMENT_TARGET = 13.0;
				LD_RUNPATH_SEARCH_PATHS = (
					"$(inherited)",
					"@executable_path/Frameworks",
				);
				MARKETING_VERSION = 1.0;
				PRODUCT_BUNDLE_IDENTIFIER = ru.avcorp.ImageFeedMy;
				PRODUCT_NAME = "$(TARGET_NAME)";
				SUPPORTED_PLATFORMS = "iphoneos iphonesimulator";
				SUPPORTS_MACCATALYST = NO;
				SUPPORTS_MAC_DESIGNED_FOR_IPHONE_IPAD = NO;
				SUPPORTS_XR_DESIGNED_FOR_IPHONE_IPAD = NO;
				SWIFT_EMIT_LOC_STRINGS = YES;
				SWIFT_VERSION = 5.0;
				TARGETED_DEVICE_FAMILY = 1;
			};
			name = Debug;
		};
		33169DDD2BE3AC6300943F51 /* Release */ = {
			isa = XCBuildConfiguration;
			buildSettings = {
				ASSETCATALOG_COMPILER_APPICON_NAME = AppIcon;
				ASSETCATALOG_COMPILER_GLOBAL_ACCENT_COLOR_NAME = AccentColor;
				CODE_SIGN_STYLE = Automatic;
				CURRENT_PROJECT_VERSION = 1;
				DEVELOPMENT_TEAM = Q9ANSYRAZF;
				GENERATE_INFOPLIST_FILE = YES;
				INFOPLIST_FILE = ImageFeedMy/Resources/Info.plist;
				INFOPLIST_KEY_UIApplicationSupportsIndirectInputEvents = YES;
				INFOPLIST_KEY_UILaunchStoryboardName = LaunchScreen;
				INFOPLIST_KEY_UISupportedInterfaceOrientations = UIInterfaceOrientationPortrait;
				IPHONEOS_DEPLOYMENT_TARGET = 13.0;
				LD_RUNPATH_SEARCH_PATHS = (
					"$(inherited)",
					"@executable_path/Frameworks",
				);
				MARKETING_VERSION = 1.0;
				PRODUCT_BUNDLE_IDENTIFIER = ru.avcorp.ImageFeedMy;
				PRODUCT_NAME = "$(TARGET_NAME)";
				SUPPORTED_PLATFORMS = "iphoneos iphonesimulator";
				SUPPORTS_MACCATALYST = NO;
				SUPPORTS_MAC_DESIGNED_FOR_IPHONE_IPAD = NO;
				SUPPORTS_XR_DESIGNED_FOR_IPHONE_IPAD = NO;
				SWIFT_EMIT_LOC_STRINGS = YES;
				SWIFT_VERSION = 5.0;
				TARGETED_DEVICE_FAMILY = 1;
			};
			name = Release;
		};
/* End XCBuildConfiguration section */

/* Begin XCConfigurationList section */
		281FC9B62C4839A000CA7555 /* Build configuration list for PBXNativeTarget "ImageFeedMyTests" */ = {
			isa = XCConfigurationList;
			buildConfigurations = (
				281FC9B72C4839A000CA7555 /* Debug */,
				281FC9B82C4839A000CA7555 /* Release */,
			);
			defaultConfigurationIsVisible = 0;
			defaultConfigurationName = Release;
		};
		28ED05342C4D98400039137F /* Build configuration list for PBXNativeTarget "ImageFeedMyUITests" */ = {
			isa = XCConfigurationList;
			buildConfigurations = (
				28ED05322C4D98400039137F /* Debug */,
				28ED05332C4D98400039137F /* Release */,
			);
			defaultConfigurationIsVisible = 0;
			defaultConfigurationName = Release;
		};
		33169DC22BE3AC6000943F51 /* Build configuration list for PBXProject "ImageFeedMy" */ = {
			isa = XCConfigurationList;
			buildConfigurations = (
				33169DD92BE3AC6300943F51 /* Debug */,
				33169DDA2BE3AC6300943F51 /* Release */,
			);
			defaultConfigurationIsVisible = 0;
			defaultConfigurationName = Release;
		};
		33169DDB2BE3AC6300943F51 /* Build configuration list for PBXNativeTarget "ImageFeedMy" */ = {
			isa = XCConfigurationList;
			buildConfigurations = (
				33169DDC2BE3AC6300943F51 /* Debug */,
				33169DDD2BE3AC6300943F51 /* Release */,
			);
			defaultConfigurationIsVisible = 0;
			defaultConfigurationName = Release;
		};
/* End XCConfigurationList section */

/* Begin XCRemoteSwiftPackageReference section */
		28103FD22C32DDB5006EF0F1 /* XCRemoteSwiftPackageReference "swift-log" */ = {
			isa = XCRemoteSwiftPackageReference;
			repositoryURL = "https://github.com/apple/swift-log";
			requirement = {
				kind = upToNextMajorVersion;
				minimumVersion = 1.6.1;
			};
		};
		28398F252C31E99600EF03C5 /* XCRemoteSwiftPackageReference "SwiftKeychainWrapper" */ = {
			isa = XCRemoteSwiftPackageReference;
			repositoryURL = "https://github.com/jrendel/SwiftKeychainWrapper";
			requirement = {
				kind = upToNextMajorVersion;
				minimumVersion = 4.0.1;
			};
		};
		28398F282C31E99D00EF03C5 /* XCRemoteSwiftPackageReference "Kingfisher" */ = {
			isa = XCRemoteSwiftPackageReference;
			repositoryURL = "https://github.com/onevcat/Kingfisher";
			requirement = {
				kind = upToNextMajorVersion;
				minimumVersion = 7.12.0;
			};
		};
		28398F2B2C31E9A300EF03C5 /* XCRemoteSwiftPackageReference "ProgressHUD" */ = {
			isa = XCRemoteSwiftPackageReference;
			repositoryURL = "https://github.com/relatedcode/ProgressHUD";
			requirement = {
				kind = upToNextMajorVersion;
				minimumVersion = 14.1.3;
			};
		};
/* End XCRemoteSwiftPackageReference section */

/* Begin XCSwiftPackageProductDependency section */
		28103FD32C32DDB5006EF0F1 /* Logging */ = {
			isa = XCSwiftPackageProductDependency;
			package = 28103FD22C32DDB5006EF0F1 /* XCRemoteSwiftPackageReference "swift-log" */;
			productName = Logging;
		};
		28398F262C31E99600EF03C5 /* SwiftKeychainWrapper */ = {
			isa = XCSwiftPackageProductDependency;
			package = 28398F252C31E99600EF03C5 /* XCRemoteSwiftPackageReference "SwiftKeychainWrapper" */;
			productName = SwiftKeychainWrapper;
		};
		28398F292C31E99D00EF03C5 /* Kingfisher */ = {
			isa = XCSwiftPackageProductDependency;
			package = 28398F282C31E99D00EF03C5 /* XCRemoteSwiftPackageReference "Kingfisher" */;
			productName = Kingfisher;
		};
		28398F2C2C31E9A400EF03C5 /* ProgressHUD */ = {
			isa = XCSwiftPackageProductDependency;
			package = 28398F2B2C31E9A300EF03C5 /* XCRemoteSwiftPackageReference "ProgressHUD" */;
			productName = ProgressHUD;
		};
/* End XCSwiftPackageProductDependency section */
	};
	rootObject = 33169DBF2BE3AC6000943F51 /* Project object */;
}
