// !$*UTF8*$!
{
	archiveVersion = 1;
	classes = {
	};
	objectVersion = 56;
	objects = {

/* Begin PBXBuildFile section */
		281E21922C21951B000C0CCD /* AuthPresenter.swift in Sources */ = {isa = PBXBuildFile; fileRef = 281E21912C21951B000C0CCD /* AuthPresenter.swift */; };
		281E21972C21A007000C0CCD /* OAuth2Service.swift in Sources */ = {isa = PBXBuildFile; fileRef = 281E21962C21A007000C0CCD /* OAuth2Service.swift */; };
		281E21992C21A0B7000C0CCD /* URLSession+data.swift in Sources */ = {isa = PBXBuildFile; fileRef = 281E21982C21A0B7000C0CCD /* URLSession+data.swift */; };
		281E219C2C21A315000C0CCD /* OAuthTokenResponseBody.swift in Sources */ = {isa = PBXBuildFile; fileRef = 281E219B2C21A315000C0CCD /* OAuthTokenResponseBody.swift */; };
		281E219F2C21A42F000C0CCD /* SplashVC.swift in Sources */ = {isa = PBXBuildFile; fileRef = 281E219E2C21A42F000C0CCD /* SplashVC.swift */; };
		281E21A22C21A623000C0CCD /* OAuth2TokenStorage.swift in Sources */ = {isa = PBXBuildFile; fileRef = 281E21A12C21A623000C0CCD /* OAuth2TokenStorage.swift */; };
		281E21A42C21A77A000C0CCD /* SplashPresenter.swift in Sources */ = {isa = PBXBuildFile; fileRef = 281E21A32C21A77A000C0CCD /* SplashPresenter.swift */; };
		28304D412C188CCB00CAE7E9 /* ProfileVC.swift in Sources */ = {isa = PBXBuildFile; fileRef = 28304D402C188CCB00CAE7E9 /* ProfileVC.swift */; };
		28304D432C1B4C9700CAE7E9 /* RootTabBarVC.swift in Sources */ = {isa = PBXBuildFile; fileRef = 28304D422C1B4C9700CAE7E9 /* RootTabBarVC.swift */; };
		286870392C21CD870026FBE9 /* ModelImageCell.swift in Sources */ = {isa = PBXBuildFile; fileRef = 286870382C21CD870026FBE9 /* ModelImageCell.swift */; };
		2868703B2C21CE880026FBE9 /* ImagesListPresenter.swift in Sources */ = {isa = PBXBuildFile; fileRef = 2868703A2C21CE880026FBE9 /* ImagesListPresenter.swift */; };
		28B4B94B2C1F043100EF251F /* SingleImageVC.swift in Sources */ = {isa = PBXBuildFile; fileRef = 28B4B94A2C1F043100EF251F /* SingleImageVC.swift */; };
		28B4B9532C1F291E00EF251F /* AuthVC.swift in Sources */ = {isa = PBXBuildFile; fileRef = 28B4B9522C1F291E00EF251F /* AuthVC.swift */; };
		28B4B9552C1F2E5A00EF251F /* WebViewVC.swift in Sources */ = {isa = PBXBuildFile; fileRef = 28B4B9542C1F2E5A00EF251F /* WebViewVC.swift */; };
		28B4B9572C1F35B000EF251F /* WebViewPresenter.swift in Sources */ = {isa = PBXBuildFile; fileRef = 28B4B9562C1F35B000EF251F /* WebViewPresenter.swift */; };
		33169DCB2BE3AC6000943F51 /* AppDelegate.swift in Sources */ = {isa = PBXBuildFile; fileRef = 33169DCA2BE3AC6000943F51 /* AppDelegate.swift */; };
		33169DCD2BE3AC6000943F51 /* SceneDelegate.swift in Sources */ = {isa = PBXBuildFile; fileRef = 33169DCC2BE3AC6000943F51 /* SceneDelegate.swift */; };
		33169DCF2BE3AC6000943F51 /* ImagesListVC.swift in Sources */ = {isa = PBXBuildFile; fileRef = 33169DCE2BE3AC6000943F51 /* ImagesListVC.swift */; };
		33169DD42BE3AC6300943F51 /* Assets.xcassets in Resources */ = {isa = PBXBuildFile; fileRef = 33169DD32BE3AC6300943F51 /* Assets.xcassets */; };
		33169DD72BE3AC6300943F51 /* Base in Resources */ = {isa = PBXBuildFile; fileRef = 33169DD62BE3AC6300943F51 /* Base */; };
		3373359E2BE9016D00B71972 /* ImagesListCell.swift in Sources */ = {isa = PBXBuildFile; fileRef = 3373359D2BE9016D00B71972 /* ImagesListCell.swift */; };
		33CB3CDD2BE926D60063F36A /* Constants.swift in Sources */ = {isa = PBXBuildFile; fileRef = 33CB3CDC2BE926D60063F36A /* Constants.swift */; };
/* End PBXBuildFile section */

/* Begin PBXFileReference section */
		281E21912C21951B000C0CCD /* AuthPresenter.swift */ = {isa = PBXFileReference; lastKnownFileType = sourcecode.swift; path = AuthPresenter.swift; sourceTree = "<group>"; };
		281E21962C21A007000C0CCD /* OAuth2Service.swift */ = {isa = PBXFileReference; lastKnownFileType = sourcecode.swift; path = OAuth2Service.swift; sourceTree = "<group>"; };
		281E21982C21A0B7000C0CCD /* URLSession+data.swift */ = {isa = PBXFileReference; lastKnownFileType = sourcecode.swift; path = "URLSession+data.swift"; sourceTree = "<group>"; };
		281E219B2C21A315000C0CCD /* OAuthTokenResponseBody.swift */ = {isa = PBXFileReference; lastKnownFileType = sourcecode.swift; path = OAuthTokenResponseBody.swift; sourceTree = "<group>"; };
		281E219E2C21A42F000C0CCD /* SplashVC.swift */ = {isa = PBXFileReference; lastKnownFileType = sourcecode.swift; path = SplashVC.swift; sourceTree = "<group>"; };
		281E21A12C21A623000C0CCD /* OAuth2TokenStorage.swift */ = {isa = PBXFileReference; lastKnownFileType = sourcecode.swift; path = OAuth2TokenStorage.swift; sourceTree = "<group>"; };
		281E21A32C21A77A000C0CCD /* SplashPresenter.swift */ = {isa = PBXFileReference; lastKnownFileType = sourcecode.swift; path = SplashPresenter.swift; sourceTree = "<group>"; };
		28304D402C188CCB00CAE7E9 /* ProfileVC.swift */ = {isa = PBXFileReference; lastKnownFileType = sourcecode.swift; path = ProfileVC.swift; sourceTree = "<group>"; };
		28304D422C1B4C9700CAE7E9 /* RootTabBarVC.swift */ = {isa = PBXFileReference; lastKnownFileType = sourcecode.swift; path = RootTabBarVC.swift; sourceTree = "<group>"; };
		286870382C21CD870026FBE9 /* ModelImageCell.swift */ = {isa = PBXFileReference; lastKnownFileType = sourcecode.swift; path = ModelImageCell.swift; sourceTree = "<group>"; };
		2868703A2C21CE880026FBE9 /* ImagesListPresenter.swift */ = {isa = PBXFileReference; lastKnownFileType = sourcecode.swift; path = ImagesListPresenter.swift; sourceTree = "<group>"; };
		28B4B94A2C1F043100EF251F /* SingleImageVC.swift */ = {isa = PBXFileReference; lastKnownFileType = sourcecode.swift; path = SingleImageVC.swift; sourceTree = "<group>"; };
		28B4B9522C1F291E00EF251F /* AuthVC.swift */ = {isa = PBXFileReference; lastKnownFileType = sourcecode.swift; path = AuthVC.swift; sourceTree = "<group>"; };
		28B4B9542C1F2E5A00EF251F /* WebViewVC.swift */ = {isa = PBXFileReference; lastKnownFileType = sourcecode.swift; path = WebViewVC.swift; sourceTree = "<group>"; };
		28B4B9562C1F35B000EF251F /* WebViewPresenter.swift */ = {isa = PBXFileReference; lastKnownFileType = sourcecode.swift; path = WebViewPresenter.swift; sourceTree = "<group>"; };
		33169DC72BE3AC6000943F51 /* ImageFeedMy.app */ = {isa = PBXFileReference; explicitFileType = wrapper.application; includeInIndex = 0; path = ImageFeedMy.app; sourceTree = BUILT_PRODUCTS_DIR; };
		33169DCA2BE3AC6000943F51 /* AppDelegate.swift */ = {isa = PBXFileReference; lastKnownFileType = sourcecode.swift; path = AppDelegate.swift; sourceTree = "<group>"; };
		33169DCC2BE3AC6000943F51 /* SceneDelegate.swift */ = {isa = PBXFileReference; lastKnownFileType = sourcecode.swift; path = SceneDelegate.swift; sourceTree = "<group>"; };
		33169DCE2BE3AC6000943F51 /* ImagesListVC.swift */ = {isa = PBXFileReference; lastKnownFileType = sourcecode.swift; path = ImagesListVC.swift; sourceTree = "<group>"; };
		33169DD32BE3AC6300943F51 /* Assets.xcassets */ = {isa = PBXFileReference; lastKnownFileType = folder.assetcatalog; path = Assets.xcassets; sourceTree = "<group>"; };
		33169DD62BE3AC6300943F51 /* Base */ = {isa = PBXFileReference; lastKnownFileType = file.storyboard; name = Base; path = Base.lproj/LaunchScreen.storyboard; sourceTree = "<group>"; };
		33169DD82BE3AC6300943F51 /* Info.plist */ = {isa = PBXFileReference; lastKnownFileType = text.plist.xml; path = Info.plist; sourceTree = "<group>"; };
		3373359D2BE9016D00B71972 /* ImagesListCell.swift */ = {isa = PBXFileReference; lastKnownFileType = sourcecode.swift; path = ImagesListCell.swift; sourceTree = "<group>"; };
		33CB3CDC2BE926D60063F36A /* Constants.swift */ = {isa = PBXFileReference; lastKnownFileType = sourcecode.swift; path = Constants.swift; sourceTree = "<group>"; };
/* End PBXFileReference section */

/* Begin PBXFrameworksBuildPhase section */
		33169DC42BE3AC6000943F51 /* Frameworks */ = {
			isa = PBXFrameworksBuildPhase;
			buildActionMask = 2147483647;
			files = (
			);
			runOnlyForDeploymentPostprocessing = 0;
		};
/* End PBXFrameworksBuildPhase section */

/* Begin PBXGroup section */
		281E21932C219571000C0CCD /* Auth */ = {
			isa = PBXGroup;
			children = (
				28B4B9522C1F291E00EF251F /* AuthVC.swift */,
				281E21912C21951B000C0CCD /* AuthPresenter.swift */,
			);
			path = Auth;
			sourceTree = "<group>";
		};
		281E21942C219583000C0CCD /* WebView */ = {
			isa = PBXGroup;
			children = (
				28B4B9542C1F2E5A00EF251F /* WebViewVC.swift */,
				28B4B9562C1F35B000EF251F /* WebViewPresenter.swift */,
			);
			path = WebView;
			sourceTree = "<group>";
		};
		281E21952C219FA4000C0CCD /* Api */ = {
			isa = PBXGroup;
			children = (
				281E219A2C21A309000C0CCD /* Model */,
				281E21962C21A007000C0CCD /* OAuth2Service.swift */,
				281E21982C21A0B7000C0CCD /* URLSession+data.swift */,
			);
			path = Api;
			sourceTree = "<group>";
		};
		281E219A2C21A309000C0CCD /* Model */ = {
			isa = PBXGroup;
			children = (
				281E219B2C21A315000C0CCD /* OAuthTokenResponseBody.swift */,
			);
			path = Model;
			sourceTree = "<group>";
		};
		281E219D2C21A41B000C0CCD /* Splash */ = {
			isa = PBXGroup;
			children = (
				281E219E2C21A42F000C0CCD /* SplashVC.swift */,
				281E21A32C21A77A000C0CCD /* SplashPresenter.swift */,
			);
			path = Splash;
			sourceTree = "<group>";
		};
		281E21A02C21A60A000C0CCD /* UserSettings */ = {
			isa = PBXGroup;
			children = (
				281E21A12C21A623000C0CCD /* OAuth2TokenStorage.swift */,
			);
			path = UserSettings;
			sourceTree = "<group>";
		};
		286870372C21CD7A0026FBE9 /* Model */ = {
			isa = PBXGroup;
			children = (
				286870382C21CD870026FBE9 /* ModelImageCell.swift */,
			);
			path = Model;
			sourceTree = "<group>";
		};
		28B4B94D2C1F0A8B00EF251F /* ImagesList */ = {
			isa = PBXGroup;
			children = (
				286870372C21CD7A0026FBE9 /* Model */,
				3373359D2BE9016D00B71972 /* ImagesListCell.swift */,
				33169DCE2BE3AC6000943F51 /* ImagesListVC.swift */,
				2868703A2C21CE880026FBE9 /* ImagesListPresenter.swift */,
			);
			path = ImagesList;
			sourceTree = "<group>";
		};
		28B4B94E2C1F0A9E00EF251F /* Profile */ = {
			isa = PBXGroup;
			children = (
				28304D402C188CCB00CAE7E9 /* ProfileVC.swift */,
			);
			path = Profile;
			sourceTree = "<group>";
		};
		28B4B94F2C1F0AB100EF251F /* RootVC */ = {
			isa = PBXGroup;
			children = (
				28304D422C1B4C9700CAE7E9 /* RootTabBarVC.swift */,
			);
			path = RootVC;
			sourceTree = "<group>";
		};
		28B4B9502C1F0ABE00EF251F /* SingleImage */ = {
			isa = PBXGroup;
			children = (
				28B4B94A2C1F043100EF251F /* SingleImageVC.swift */,
			);
			path = SingleImage;
			sourceTree = "<group>";
		};
		28B4B9512C1F290D00EF251F /* Auth */ = {
			isa = PBXGroup;
			children = (
				281E21942C219583000C0CCD /* WebView */,
				281E21932C219571000C0CCD /* Auth */,
			);
			path = Auth;
			sourceTree = "<group>";
		};
		33169DBE2BE3AC6000943F51 = {
			isa = PBXGroup;
			children = (
				33169DC92BE3AC6000943F51 /* ImageFeedMy */,
				33169DCA2BE3AC6000943F51 /* AppDelegate.swift */,
				33169DCC2BE3AC6000943F51 /* SceneDelegate.swift */,
				33169DC82BE3AC6000943F51 /* Products */,
			);
			sourceTree = "<group>";
		};
		33169DC82BE3AC6000943F51 /* Products */ = {
			isa = PBXGroup;
			children = (
				33169DC72BE3AC6000943F51 /* ImageFeedMy.app */,
			);
			name = Products;
			sourceTree = "<group>";
		};
		33169DC92BE3AC6000943F51 /* ImageFeedMy */ = {
			isa = PBXGroup;
			children = (
				281E21A02C21A60A000C0CCD /* UserSettings */,
				281E219D2C21A41B000C0CCD /* Splash */,
				281E21952C219FA4000C0CCD /* Api */,
				28B4B9512C1F290D00EF251F /* Auth */,
				28B4B9502C1F0ABE00EF251F /* SingleImage */,
				28B4B94F2C1F0AB100EF251F /* RootVC */,
				28B4B94E2C1F0A9E00EF251F /* Profile */,
				28B4B94D2C1F0A8B00EF251F /* ImagesList */,
				33CB3CE12BE928190063F36A /* Resources */,
				33CB3CE02BE9280F0063F36A /* Utils */,
			);
			path = ImageFeedMy;
			sourceTree = "<group>";
		};
		33CB3CE02BE9280F0063F36A /* Utils */ = {
			isa = PBXGroup;
			children = (
				33CB3CDC2BE926D60063F36A /* Constants.swift */,
			);
			path = Utils;
			sourceTree = "<group>";
		};
		33CB3CE12BE928190063F36A /* Resources */ = {
			isa = PBXGroup;
			children = (
				33169DD32BE3AC6300943F51 /* Assets.xcassets */,
				33169DD52BE3AC6300943F51 /* LaunchScreen.storyboard */,
				33169DD82BE3AC6300943F51 /* Info.plist */,
			);
			path = Resources;
			sourceTree = "<group>";
		};
/* End PBXGroup section */

/* Begin PBXNativeTarget section */
		33169DC62BE3AC6000943F51 /* ImageFeedMy */ = {
			isa = PBXNativeTarget;
			buildConfigurationList = 33169DDB2BE3AC6300943F51 /* Build configuration list for PBXNativeTarget "ImageFeedMy" */;
			buildPhases = (
				33169DC32BE3AC6000943F51 /* Sources */,
				33169DC42BE3AC6000943F51 /* Frameworks */,
				33169DC52BE3AC6000943F51 /* Resources */,
			);
			buildRules = (
			);
			dependencies = (
			);
			name = ImageFeedMy;
			productName = ImageFeedMy;
			productReference = 33169DC72BE3AC6000943F51 /* ImageFeedMy.app */;
			productType = "com.apple.product-type.application";
		};
/* End PBXNativeTarget section */

/* Begin PBXProject section */
		33169DBF2BE3AC6000943F51 /* Project object */ = {
			isa = PBXProject;
			attributes = {
				BuildIndependentTargetsInParallel = 1;
				LastSwiftUpdateCheck = 1530;
				LastUpgradeCheck = 1530;
				TargetAttributes = {
					33169DC62BE3AC6000943F51 = {
						CreatedOnToolsVersion = 15.3;
					};
				};
			};
			buildConfigurationList = 33169DC22BE3AC6000943F51 /* Build configuration list for PBXProject "ImageFeedMy" */;
			compatibilityVersion = "Xcode 14.0";
			developmentRegion = en;
			hasScannedForEncodings = 0;
			knownRegions = (
				en,
				Base,
			);
			mainGroup = 33169DBE2BE3AC6000943F51;
			productRefGroup = 33169DC82BE3AC6000943F51 /* Products */;
			projectDirPath = "";
			projectRoot = "";
			targets = (
				33169DC62BE3AC6000943F51 /* ImageFeedMy */,
			);
		};
/* End PBXProject section */

/* Begin PBXResourcesBuildPhase section */
		33169DC52BE3AC6000943F51 /* Resources */ = {
			isa = PBXResourcesBuildPhase;
			buildActionMask = 2147483647;
			files = (
				33169DD42BE3AC6300943F51 /* Assets.xcassets in Resources */,
				33169DD72BE3AC6300943F51 /* Base in Resources */,
			);
			runOnlyForDeploymentPostprocessing = 0;
		};
/* End PBXResourcesBuildPhase section */

/* Begin PBXSourcesBuildPhase section */
		33169DC32BE3AC6000943F51 /* Sources */ = {
			isa = PBXSourcesBuildPhase;
			buildActionMask = 2147483647;
			files = (
				281E21992C21A0B7000C0CCD /* URLSession+data.swift in Sources */,
				28B4B9552C1F2E5A00EF251F /* WebViewVC.swift in Sources */,
				28B4B9532C1F291E00EF251F /* AuthVC.swift in Sources */,
				281E21972C21A007000C0CCD /* OAuth2Service.swift in Sources */,
				28304D412C188CCB00CAE7E9 /* ProfileVC.swift in Sources */,
				286870392C21CD870026FBE9 /* ModelImageCell.swift in Sources */,
				33CB3CDD2BE926D60063F36A /* Constants.swift in Sources */,
				281E21A22C21A623000C0CCD /* OAuth2TokenStorage.swift in Sources */,
				281E21922C21951B000C0CCD /* AuthPresenter.swift in Sources */,
				28304D432C1B4C9700CAE7E9 /* RootTabBarVC.swift in Sources */,
				33169DCF2BE3AC6000943F51 /* ImagesListVC.swift in Sources */,
				3373359E2BE9016D00B71972 /* ImagesListCell.swift in Sources */,
				33169DCB2BE3AC6000943F51 /* AppDelegate.swift in Sources */,
				28B4B94B2C1F043100EF251F /* SingleImageVC.swift in Sources */,
				33169DCD2BE3AC6000943F51 /* SceneDelegate.swift in Sources */,
				281E219F2C21A42F000C0CCD /* SplashVC.swift in Sources */,
				28B4B9572C1F35B000EF251F /* WebViewPresenter.swift in Sources */,
				281E219C2C21A315000C0CCD /* OAuthTokenResponseBody.swift in Sources */,
				2868703B2C21CE880026FBE9 /* ImagesListPresenter.swift in Sources */,
				281E21A42C21A77A000C0CCD /* SplashPresenter.swift in Sources */,
			);
			runOnlyForDeploymentPostprocessing = 0;
		};
/* End PBXSourcesBuildPhase section */

/* Begin PBXVariantGroup section */
		33169DD52BE3AC6300943F51 /* LaunchScreen.storyboard */ = {
			isa = PBXVariantGroup;
			children = (
				33169DD62BE3AC6300943F51 /* Base */,
			);
			name = LaunchScreen.storyboard;
			sourceTree = "<group>";
		};
/* End PBXVariantGroup section */

/* Begin XCBuildConfiguration section */
		33169DD92BE3AC6300943F51 /* Debug */ = {
			isa = XCBuildConfiguration;
			buildSettings = {
				ALWAYS_SEARCH_USER_PATHS = NO;
				ASSETCATALOG_COMPILER_GENERATE_SWIFT_ASSET_SYMBOL_EXTENSIONS = YES;
				CLANG_ANALYZER_NONNULL = YES;
				CLANG_ANALYZER_NUMBER_OBJECT_CONVERSION = YES_AGGRESSIVE;
				CLANG_CXX_LANGUAGE_STANDARD = "gnu++20";
				CLANG_ENABLE_MODULES = YES;
				CLANG_ENABLE_OBJC_ARC = YES;
				CLANG_ENABLE_OBJC_WEAK = YES;
				CLANG_WARN_BLOCK_CAPTURE_AUTORELEASING = YES;
				CLANG_WARN_BOOL_CONVERSION = YES;
				CLANG_WARN_COMMA = YES;
				CLANG_WARN_CONSTANT_CONVERSION = YES;
				CLANG_WARN_DEPRECATED_OBJC_IMPLEMENTATIONS = YES;
				CLANG_WARN_DIRECT_OBJC_ISA_USAGE = YES_ERROR;
				CLANG_WARN_DOCUMENTATION_COMMENTS = YES;
				CLANG_WARN_EMPTY_BODY = YES;
				CLANG_WARN_ENUM_CONVERSION = YES;
				CLANG_WARN_INFINITE_RECURSION = YES;
				CLANG_WARN_INT_CONVERSION = YES;
				CLANG_WARN_NON_LITERAL_NULL_CONVERSION = YES;
				CLANG_WARN_OBJC_IMPLICIT_RETAIN_SELF = YES;
				CLANG_WARN_OBJC_LITERAL_CONVERSION = YES;
				CLANG_WARN_OBJC_ROOT_CLASS = YES_ERROR;
				CLANG_WARN_QUOTED_INCLUDE_IN_FRAMEWORK_HEADER = YES;
				CLANG_WARN_RANGE_LOOP_ANALYSIS = YES;
				CLANG_WARN_STRICT_PROTOTYPES = YES;
				CLANG_WARN_SUSPICIOUS_MOVE = YES;
				CLANG_WARN_UNGUARDED_AVAILABILITY = YES_AGGRESSIVE;
				CLANG_WARN_UNREACHABLE_CODE = YES;
				CLANG_WARN__DUPLICATE_METHOD_MATCH = YES;
				COPY_PHASE_STRIP = NO;
				DEBUG_INFORMATION_FORMAT = dwarf;
				ENABLE_STRICT_OBJC_MSGSEND = YES;
				ENABLE_TESTABILITY = YES;
				ENABLE_USER_SCRIPT_SANDBOXING = YES;
				GCC_C_LANGUAGE_STANDARD = gnu17;
				GCC_DYNAMIC_NO_PIC = NO;
				GCC_NO_COMMON_BLOCKS = YES;
				GCC_OPTIMIZATION_LEVEL = 0;
				GCC_PREPROCESSOR_DEFINITIONS = (
					"DEBUG=1",
					"$(inherited)",
				);
				GCC_WARN_64_TO_32_BIT_CONVERSION = YES;
				GCC_WARN_ABOUT_RETURN_TYPE = YES_ERROR;
				GCC_WARN_UNDECLARED_SELECTOR = YES;
				GCC_WARN_UNINITIALIZED_AUTOS = YES_AGGRESSIVE;
				GCC_WARN_UNUSED_FUNCTION = YES;
				GCC_WARN_UNUSED_VARIABLE = YES;
				IPHONEOS_DEPLOYMENT_TARGET = 17.4;
				LOCALIZATION_PREFERS_STRING_CATALOGS = YES;
				MTL_ENABLE_DEBUG_INFO = INCLUDE_SOURCE;
				MTL_FAST_MATH = YES;
				ONLY_ACTIVE_ARCH = YES;
				SDKROOT = iphoneos;
				SWIFT_ACTIVE_COMPILATION_CONDITIONS = "DEBUG $(inherited)";
				SWIFT_OPTIMIZATION_LEVEL = "-Onone";
			};
			name = Debug;
		};
		33169DDA2BE3AC6300943F51 /* Release */ = {
			isa = XCBuildConfiguration;
			buildSettings = {
				ALWAYS_SEARCH_USER_PATHS = NO;
				ASSETCATALOG_COMPILER_GENERATE_SWIFT_ASSET_SYMBOL_EXTENSIONS = YES;
				CLANG_ANALYZER_NONNULL = YES;
				CLANG_ANALYZER_NUMBER_OBJECT_CONVERSION = YES_AGGRESSIVE;
				CLANG_CXX_LANGUAGE_STANDARD = "gnu++20";
				CLANG_ENABLE_MODULES = YES;
				CLANG_ENABLE_OBJC_ARC = YES;
				CLANG_ENABLE_OBJC_WEAK = YES;
				CLANG_WARN_BLOCK_CAPTURE_AUTORELEASING = YES;
				CLANG_WARN_BOOL_CONVERSION = YES;
				CLANG_WARN_COMMA = YES;
				CLANG_WARN_CONSTANT_CONVERSION = YES;
				CLANG_WARN_DEPRECATED_OBJC_IMPLEMENTATIONS = YES;
				CLANG_WARN_DIRECT_OBJC_ISA_USAGE = YES_ERROR;
				CLANG_WARN_DOCUMENTATION_COMMENTS = YES;
				CLANG_WARN_EMPTY_BODY = YES;
				CLANG_WARN_ENUM_CONVERSION = YES;
				CLANG_WARN_INFINITE_RECURSION = YES;
				CLANG_WARN_INT_CONVERSION = YES;
				CLANG_WARN_NON_LITERAL_NULL_CONVERSION = YES;
				CLANG_WARN_OBJC_IMPLICIT_RETAIN_SELF = YES;
				CLANG_WARN_OBJC_LITERAL_CONVERSION = YES;
				CLANG_WARN_OBJC_ROOT_CLASS = YES_ERROR;
				CLANG_WARN_QUOTED_INCLUDE_IN_FRAMEWORK_HEADER = YES;
				CLANG_WARN_RANGE_LOOP_ANALYSIS = YES;
				CLANG_WARN_STRICT_PROTOTYPES = YES;
				CLANG_WARN_SUSPICIOUS_MOVE = YES;
				CLANG_WARN_UNGUARDED_AVAILABILITY = YES_AGGRESSIVE;
				CLANG_WARN_UNREACHABLE_CODE = YES;
				CLANG_WARN__DUPLICATE_METHOD_MATCH = YES;
				COPY_PHASE_STRIP = NO;
				DEBUG_INFORMATION_FORMAT = "dwarf-with-dsym";
				ENABLE_NS_ASSERTIONS = NO;
				ENABLE_STRICT_OBJC_MSGSEND = YES;
				ENABLE_USER_SCRIPT_SANDBOXING = YES;
				GCC_C_LANGUAGE_STANDARD = gnu17;
				GCC_NO_COMMON_BLOCKS = YES;
				GCC_WARN_64_TO_32_BIT_CONVERSION = YES;
				GCC_WARN_ABOUT_RETURN_TYPE = YES_ERROR;
				GCC_WARN_UNDECLARED_SELECTOR = YES;
				GCC_WARN_UNINITIALIZED_AUTOS = YES_AGGRESSIVE;
				GCC_WARN_UNUSED_FUNCTION = YES;
				GCC_WARN_UNUSED_VARIABLE = YES;
				IPHONEOS_DEPLOYMENT_TARGET = 17.4;
				LOCALIZATION_PREFERS_STRING_CATALOGS = YES;
				MTL_ENABLE_DEBUG_INFO = NO;
				MTL_FAST_MATH = YES;
				SDKROOT = iphoneos;
				SWIFT_COMPILATION_MODE = wholemodule;
				VALIDATE_PRODUCT = YES;
			};
			name = Release;
		};
		33169DDC2BE3AC6300943F51 /* Debug */ = {
			isa = XCBuildConfiguration;
			buildSettings = {
				ASSETCATALOG_COMPILER_APPICON_NAME = AppIcon;
				ASSETCATALOG_COMPILER_GLOBAL_ACCENT_COLOR_NAME = AccentColor;
				CODE_SIGN_STYLE = Automatic;
				CURRENT_PROJECT_VERSION = 1;
				DEVELOPMENT_TEAM = Q9ANSYRAZF;
				GENERATE_INFOPLIST_FILE = YES;
				INFOPLIST_FILE = ImageFeedMy/Resources/Info.plist;
				INFOPLIST_KEY_UIApplicationSupportsIndirectInputEvents = YES;
				INFOPLIST_KEY_UILaunchStoryboardName = LaunchScreen;
				INFOPLIST_KEY_UISupportedInterfaceOrientations = UIInterfaceOrientationPortrait;
				IPHONEOS_DEPLOYMENT_TARGET = 13.0;
				LD_RUNPATH_SEARCH_PATHS = (
					"$(inherited)",
					"@executable_path/Frameworks",
				);
				MARKETING_VERSION = 1.0;
				PRODUCT_BUNDLE_IDENTIFIER = ru.avcorp.ImageFeedMy;
				PRODUCT_NAME = "$(TARGET_NAME)";
				SUPPORTED_PLATFORMS = "iphoneos iphonesimulator";
				SUPPORTS_MACCATALYST = NO;
				SUPPORTS_MAC_DESIGNED_FOR_IPHONE_IPAD = NO;
				SUPPORTS_XR_DESIGNED_FOR_IPHONE_IPAD = NO;
				SWIFT_EMIT_LOC_STRINGS = YES;
				SWIFT_VERSION = 5.0;
				TARGETED_DEVICE_FAMILY = 1;
			};
			name = Debug;
		};
		33169DDD2BE3AC6300943F51 /* Release */ = {
			isa = XCBuildConfiguration;
			buildSettings = {
				ASSETCATALOG_COMPILER_APPICON_NAME = AppIcon;
				ASSETCATALOG_COMPILER_GLOBAL_ACCENT_COLOR_NAME = AccentColor;
				CODE_SIGN_STYLE = Automatic;
				CURRENT_PROJECT_VERSION = 1;
				DEVELOPMENT_TEAM = Q9ANSYRAZF;
				GENERATE_INFOPLIST_FILE = YES;
				INFOPLIST_FILE = ImageFeedMy/Resources/Info.plist;
				INFOPLIST_KEY_UIApplicationSupportsIndirectInputEvents = YES;
				INFOPLIST_KEY_UILaunchStoryboardName = LaunchScreen;
				INFOPLIST_KEY_UISupportedInterfaceOrientations = UIInterfaceOrientationPortrait;
				IPHONEOS_DEPLOYMENT_TARGET = 13.0;
				LD_RUNPATH_SEARCH_PATHS = (
					"$(inherited)",
					"@executable_path/Frameworks",
				);
				MARKETING_VERSION = 1.0;
				PRODUCT_BUNDLE_IDENTIFIER = ru.avcorp.ImageFeedMy;
				PRODUCT_NAME = "$(TARGET_NAME)";
				SUPPORTED_PLATFORMS = "iphoneos iphonesimulator";
				SUPPORTS_MACCATALYST = NO;
				SUPPORTS_MAC_DESIGNED_FOR_IPHONE_IPAD = NO;
				SUPPORTS_XR_DESIGNED_FOR_IPHONE_IPAD = NO;
				SWIFT_EMIT_LOC_STRINGS = YES;
				SWIFT_VERSION = 5.0;
				TARGETED_DEVICE_FAMILY = 1;
			};
			name = Release;
		};
/* End XCBuildConfiguration section */

/* Begin XCConfigurationList section */
		33169DC22BE3AC6000943F51 /* Build configuration list for PBXProject "ImageFeedMy" */ = {
			isa = XCConfigurationList;
			buildConfigurations = (
				33169DD92BE3AC6300943F51 /* Debug */,
				33169DDA2BE3AC6300943F51 /* Release */,
			);
			defaultConfigurationIsVisible = 0;
			defaultConfigurationName = Release;
		};
		33169DDB2BE3AC6300943F51 /* Build configuration list for PBXNativeTarget "ImageFeedMy" */ = {
			isa = XCConfigurationList;
			buildConfigurations = (
				33169DDC2BE3AC6300943F51 /* Debug */,
				33169DDD2BE3AC6300943F51 /* Release */,
			);
			defaultConfigurationIsVisible = 0;
			defaultConfigurationName = Release;
		};
/* End XCConfigurationList section */
	};
	rootObject = 33169DBF2BE3AC6000943F51 /* Project object */;
}
